// !$*UTF8*$!
{
	archiveVersion = 1;
	classes = {
	};
	objectVersion = 55;
	objects = {

/* Begin PBXBuildFile section */
		B60F22482827C53900A730F1 /* ViewType.swift in Sources */ = {isa = PBXBuildFile; fileRef = B60F22472827C53900A730F1 /* ViewType.swift */; };
		B60F224A2827C63E00A730F1 /* TreeItem.swift in Sources */ = {isa = PBXBuildFile; fileRef = B60F22492827C63E00A730F1 /* TreeItem.swift */; };
		B60F224F282839F700A730F1 /* Uicorn.swift in Sources */ = {isa = PBXBuildFile; fileRef = B60F224E282839F700A730F1 /* Uicorn.swift */; };
		B60F225128283A1B00A730F1 /* UicornView.swift in Sources */ = {isa = PBXBuildFile; fileRef = B60F225028283A1B00A730F1 /* UicornView.swift */; };
		B614339E282A5EFC00760F39 /* View+Collection.swift in Sources */ = {isa = PBXBuildFile; fileRef = B614339D282A5EFC00760F39 /* View+Collection.swift */; };
		B614339F282A5EFC00760F39 /* View+Collection.swift in Sources */ = {isa = PBXBuildFile; fileRef = B614339D282A5EFC00760F39 /* View+Collection.swift */; };
		B61433A1282A642200760F39 /* Sugar.swift in Sources */ = {isa = PBXBuildFile; fileRef = B61433A0282A642200760F39 /* Sugar.swift */; };
		B61433A2282A642200760F39 /* Sugar.swift in Sources */ = {isa = PBXBuildFile; fileRef = B61433A0282A642200760F39 /* Sugar.swift */; };
		B61433A4282A644800760F39 /* Mock.swift in Sources */ = {isa = PBXBuildFile; fileRef = B61433A3282A644800760F39 /* Mock.swift */; };
		B61433A5282A644800760F39 /* Mock.swift in Sources */ = {isa = PBXBuildFile; fileRef = B61433A3282A644800760F39 /* Mock.swift */; };
		B61433A7282A656E00760F39 /* Collection.swift in Sources */ = {isa = PBXBuildFile; fileRef = B61433A6282A656E00760F39 /* Collection.swift */; };
		B61433A8282A656E00760F39 /* Collection.swift in Sources */ = {isa = PBXBuildFile; fileRef = B61433A6282A656E00760F39 /* Collection.swift */; };
		B61433AA282A84C600760F39 /* BackendController.swift in Sources */ = {isa = PBXBuildFile; fileRef = B61433A9282A84C600760F39 /* BackendController.swift */; };
		B61433AB282A84C600760F39 /* BackendController.swift in Sources */ = {isa = PBXBuildFile; fileRef = B61433A9282A84C600760F39 /* BackendController.swift */; };
		B61433AD282AA1D200760F39 /* UnsplashCollection.swift in Sources */ = {isa = PBXBuildFile; fileRef = B61433AC282AA1D200760F39 /* UnsplashCollection.swift */; };
		B61433AE282AA1D200760F39 /* UnsplashCollection.swift in Sources */ = {isa = PBXBuildFile; fileRef = B61433AC282AA1D200760F39 /* UnsplashCollection.swift */; };
		B61737A82829651E006DE98E /* Image.swift in Sources */ = {isa = PBXBuildFile; fileRef = B61737A72829651E006DE98E /* Image.swift */; };
		B61737A92829651E006DE98E /* Image.swift in Sources */ = {isa = PBXBuildFile; fileRef = B61737A72829651E006DE98E /* Image.swift */; };
		B61737AB2829664A006DE98E /* View+Image.swift in Sources */ = {isa = PBXBuildFile; fileRef = B61737AA2829664A006DE98E /* View+Image.swift */; };
		B61737AC2829664A006DE98E /* View+Image.swift in Sources */ = {isa = PBXBuildFile; fileRef = B61737AA2829664A006DE98E /* View+Image.swift */; };
		B64A9686283776A200F4334D /* SceneViewController.swift in Sources */ = {isa = PBXBuildFile; fileRef = B64A9685283776A200F4334D /* SceneViewController.swift */; };
		B64A96872837770100F4334D /* NSLayoutConstraint+Helpers.swift in Sources */ = {isa = PBXBuildFile; fileRef = B67B3D9327DF419700F50F2E /* NSLayoutConstraint+Helpers.swift */; };
		B64A96882837772900F4334D /* NSDirectionalEdgeInsets+Helpers.swift in Sources */ = {isa = PBXBuildFile; fileRef = B67B3D9C27DF541B00F50F2E /* NSDirectionalEdgeInsets+Helpers.swift */; };
		B64A96892837772C00F4334D /* UIEdgeInsets+Helpers.swift in Sources */ = {isa = PBXBuildFile; fileRef = B67B3D9F27DF54C000F50F2E /* UIEdgeInsets+Helpers.swift */; };
		B64A968A2837773F00F4334D /* Types.swift in Sources */ = {isa = PBXBuildFile; fileRef = B67B3D9627DF42B300F50F2E /* Types.swift */; };
		B64A968E2837C16100F4334D /* nokia.old.scn in Resources */ = {isa = PBXBuildFile; fileRef = B64A968D2837C16100F4334D /* nokia.old.scn */; };
		B64C9F3F283695F600A4B7CF /* NonokiaApp.swift in Sources */ = {isa = PBXBuildFile; fileRef = B64C9F3E283695F600A4B7CF /* NonokiaApp.swift */; };
		B64C9F41283695F600A4B7CF /* ContentView.swift in Sources */ = {isa = PBXBuildFile; fileRef = B64C9F40283695F600A4B7CF /* ContentView.swift */; };
		B64C9F43283695F700A4B7CF /* Assets.xcassets in Resources */ = {isa = PBXBuildFile; fileRef = B64C9F42283695F700A4B7CF /* Assets.xcassets */; };
		B64C9F46283695F700A4B7CF /* Preview Assets.xcassets in Resources */ = {isa = PBXBuildFile; fileRef = B64C9F45283695F700A4B7CF /* Preview Assets.xcassets */; };
		B660EEC2283641E8008234A4 /* ImagePropertiesView.swift in Sources */ = {isa = PBXBuildFile; fileRef = B660EEC1283641E8008234A4 /* ImagePropertiesView.swift */; };
		B660EEC42836422F008234A4 /* TextFieldView.swift in Sources */ = {isa = PBXBuildFile; fileRef = B660EEC32836422F008234A4 /* TextFieldView.swift */; };
		B676929B282E622D0026CA87 /* Header.swift in Sources */ = {isa = PBXBuildFile; fileRef = B676929A282E622D0026CA87 /* Header.swift */; };
		B676929D282E828C0026CA87 /* ColorPropertiesView.swift in Sources */ = {isa = PBXBuildFile; fileRef = B676929C282E828C0026CA87 /* ColorPropertiesView.swift */; };
		B676929F282E9C9C0026CA87 /* Properties.swift in Sources */ = {isa = PBXBuildFile; fileRef = B676929E282E9C9C0026CA87 /* Properties.swift */; };
		B67692A0282E9C9C0026CA87 /* Properties.swift in Sources */ = {isa = PBXBuildFile; fileRef = B676929E282E9C9C0026CA87 /* Properties.swift */; };
		B67692A2282E9D4C0026CA87 /* View+Shape.swift in Sources */ = {isa = PBXBuildFile; fileRef = B67692A1282E9D4C0026CA87 /* View+Shape.swift */; };
		B67692A3282E9D4C0026CA87 /* View+Shape.swift in Sources */ = {isa = PBXBuildFile; fileRef = B67692A1282E9D4C0026CA87 /* View+Shape.swift */; };
		B67692A5282E9DAA0026CA87 /* Color.swift in Sources */ = {isa = PBXBuildFile; fileRef = B67692A4282E9DAA0026CA87 /* Color.swift */; };
		B67692A6282E9DAA0026CA87 /* Color.swift in Sources */ = {isa = PBXBuildFile; fileRef = B67692A4282E9DAA0026CA87 /* Color.swift */; };
		B67692A8282E9E330026CA87 /* Shape.swift in Sources */ = {isa = PBXBuildFile; fileRef = B67692A7282E9E330026CA87 /* Shape.swift */; };
		B67692A9282E9E330026CA87 /* Shape.swift in Sources */ = {isa = PBXBuildFile; fileRef = B67692A7282E9E330026CA87 /* Shape.swift */; };
		B67B3D9727DF42B300F50F2E /* Types.swift in Sources */ = {isa = PBXBuildFile; fileRef = B67B3D9627DF42B300F50F2E /* Types.swift */; };
		B67B3D9827DF42B300F50F2E /* Types.swift in Sources */ = {isa = PBXBuildFile; fileRef = B67B3D9627DF42B300F50F2E /* Types.swift */; };
		B6883D5928242CC000544462 /* AppView.swift in Sources */ = {isa = PBXBuildFile; fileRef = B627C60D2821636D0029126A /* AppView.swift */; };
		B6883D5B282523B400544462 /* TreeView.swift in Sources */ = {isa = PBXBuildFile; fileRef = B6883D5A282523B400544462 /* TreeView.swift */; };
		B6883D5D2825468100544462 /* ViewVisibility.swift in Sources */ = {isa = PBXBuildFile; fileRef = B6883D5C2825468100544462 /* ViewVisibility.swift */; };
		B6883D5F2825531400544462 /* ScreenView.swift in Sources */ = {isa = PBXBuildFile; fileRef = B6883D5E2825531400544462 /* ScreenView.swift */; };
		B6883D61282578BD00544462 /* InspectorView.swift in Sources */ = {isa = PBXBuildFile; fileRef = B6883D60282578BD00544462 /* InspectorView.swift */; };
		B6883D6A2825850700544462 /* String+Unique.swift in Sources */ = {isa = PBXBuildFile; fileRef = B6883D692825850700544462 /* String+Unique.swift */; };
		B6883D6B2825854C00544462 /* String+Unique.swift in Sources */ = {isa = PBXBuildFile; fileRef = B6883D692825850700544462 /* String+Unique.swift */; };
		B69F2BD12828646800877D04 /* TreeItem+Uicorn.swift in Sources */ = {isa = PBXBuildFile; fileRef = B69F2BD02828646800877D04 /* TreeItem+Uicorn.swift */; };
		B69F2BD32828663900877D04 /* HStack.swift in Sources */ = {isa = PBXBuildFile; fileRef = B69F2BD22828663900877D04 /* HStack.swift */; };
		B69F2BD52828673000877D04 /* Text.swift in Sources */ = {isa = PBXBuildFile; fileRef = B69F2BD42828673000877D04 /* Text.swift */; };
		B69F2BD92828689300877D04 /* Text.swift in Sources */ = {isa = PBXBuildFile; fileRef = B69F2BD42828673000877D04 /* Text.swift */; };
		B69F2BDA2828689700877D04 /* HStack.swift in Sources */ = {isa = PBXBuildFile; fileRef = B69F2BD22828663900877D04 /* HStack.swift */; };
		B69F2BDB2828689A00877D04 /* UicornView.swift in Sources */ = {isa = PBXBuildFile; fileRef = B60F225028283A1B00A730F1 /* UicornView.swift */; };
		B69F2BDC282868A000877D04 /* Uicorn.swift in Sources */ = {isa = PBXBuildFile; fileRef = B60F224E282839F700A730F1 /* Uicorn.swift */; };
		B6A2E5F7282D064B002FCDFF /* CollectionPropertiesView.swift in Sources */ = {isa = PBXBuildFile; fileRef = B6A2E5F6282D064B002FCDFF /* CollectionPropertiesView.swift */; };
		B6A2E5FA282D33F7002FCDFF /* Action.swift in Sources */ = {isa = PBXBuildFile; fileRef = B6A2E5F9282D33F7002FCDFF /* Action.swift */; };
		B6A2E5FB282D33F7002FCDFF /* Action.swift in Sources */ = {isa = PBXBuildFile; fileRef = B6A2E5F9282D33F7002FCDFF /* Action.swift */; };
		B6A38E52282BF851002777CA /* RendererApp.swift in Sources */ = {isa = PBXBuildFile; fileRef = B6A38E51282BF851002777CA /* RendererApp.swift */; };
		B6A38E56282BF852002777CA /* Assets.xcassets in Resources */ = {isa = PBXBuildFile; fileRef = B6A38E55282BF852002777CA /* Assets.xcassets */; };
		B6A38E59282BF852002777CA /* Preview Assets.xcassets in Resources */ = {isa = PBXBuildFile; fileRef = B6A38E58282BF852002777CA /* Preview Assets.xcassets */; };
		B6A38E5E282BF8A5002777CA /* String+Unique.swift in Sources */ = {isa = PBXBuildFile; fileRef = B6883D692825850700544462 /* String+Unique.swift */; };
		B6A38E5F282BF8AF002777CA /* Sugar.swift in Sources */ = {isa = PBXBuildFile; fileRef = B61433A0282A642200760F39 /* Sugar.swift */; };
		B6A38E60282BF8AF002777CA /* View+Image.swift in Sources */ = {isa = PBXBuildFile; fileRef = B61737AA2829664A006DE98E /* View+Image.swift */; };
		B6A38E63282BF8AF002777CA /* Uicorn.swift in Sources */ = {isa = PBXBuildFile; fileRef = B60F224E282839F700A730F1 /* Uicorn.swift */; };
		B6A38E64282BF8AF002777CA /* Screen.swift in Sources */ = {isa = PBXBuildFile; fileRef = B6AE6D652828FCEA001800F8 /* Screen.swift */; };
		B6A38E65282BF8AF002777CA /* View+VStack.swift in Sources */ = {isa = PBXBuildFile; fileRef = B6FA89A42829753700E842AE /* View+VStack.swift */; };
		B6A38E66282BF8AF002777CA /* Mock.swift in Sources */ = {isa = PBXBuildFile; fileRef = B61433A3282A644800760F39 /* Mock.swift */; };
		B6A38E6A282BF8AF002777CA /* View+Text.swift in Sources */ = {isa = PBXBuildFile; fileRef = B6AE6D6E2828FF39001800F8 /* View+Text.swift */; };
		B6A38E6B282BF8AF002777CA /* View+HStack.swift in Sources */ = {isa = PBXBuildFile; fileRef = B6AE6D6B2828FF2C001800F8 /* View+HStack.swift */; };
		B6A38E6C282BF8AF002777CA /* View+ZStack.swift in Sources */ = {isa = PBXBuildFile; fileRef = B6FA89A72829755100E842AE /* View+ZStack.swift */; };
		B6A38E6F282BF8AF002777CA /* View+Collection.swift in Sources */ = {isa = PBXBuildFile; fileRef = B614339D282A5EFC00760F39 /* View+Collection.swift */; };
		B6A38E70282BF8AF002777CA /* View.swift in Sources */ = {isa = PBXBuildFile; fileRef = B6AE6D682828FCFE001800F8 /* View.swift */; };
		B6A38E72282BF8AF002777CA /* App.swift in Sources */ = {isa = PBXBuildFile; fileRef = B6AE6D622828FCDB001800F8 /* App.swift */; };
		B6A38E73282BF8B2002777CA /* BackendController.swift in Sources */ = {isa = PBXBuildFile; fileRef = B61433A9282A84C600760F39 /* BackendController.swift */; };
		B6AE6D632828FCDB001800F8 /* App.swift in Sources */ = {isa = PBXBuildFile; fileRef = B6AE6D622828FCDB001800F8 /* App.swift */; };
		B6AE6D642828FCDB001800F8 /* App.swift in Sources */ = {isa = PBXBuildFile; fileRef = B6AE6D622828FCDB001800F8 /* App.swift */; };
		B6AE6D662828FCEA001800F8 /* Screen.swift in Sources */ = {isa = PBXBuildFile; fileRef = B6AE6D652828FCEA001800F8 /* Screen.swift */; };
		B6AE6D672828FCEA001800F8 /* Screen.swift in Sources */ = {isa = PBXBuildFile; fileRef = B6AE6D652828FCEA001800F8 /* Screen.swift */; };
		B6AE6D692828FCFE001800F8 /* View.swift in Sources */ = {isa = PBXBuildFile; fileRef = B6AE6D682828FCFE001800F8 /* View.swift */; };
		B6AE6D6A2828FCFE001800F8 /* View.swift in Sources */ = {isa = PBXBuildFile; fileRef = B6AE6D682828FCFE001800F8 /* View.swift */; };
		B6AE6D6C2828FF2C001800F8 /* View+HStack.swift in Sources */ = {isa = PBXBuildFile; fileRef = B6AE6D6B2828FF2C001800F8 /* View+HStack.swift */; };
		B6AE6D6D2828FF2C001800F8 /* View+HStack.swift in Sources */ = {isa = PBXBuildFile; fileRef = B6AE6D6B2828FF2C001800F8 /* View+HStack.swift */; };
		B6AE6D6F2828FF39001800F8 /* View+Text.swift in Sources */ = {isa = PBXBuildFile; fileRef = B6AE6D6E2828FF39001800F8 /* View+Text.swift */; };
		B6AE6D702828FF39001800F8 /* View+Text.swift in Sources */ = {isa = PBXBuildFile; fileRef = B6AE6D6E2828FF39001800F8 /* View+Text.swift */; };
		B6AE6D742829319E001800F8 /* Color+Random.swift in Sources */ = {isa = PBXBuildFile; fileRef = B6AE6D732829319E001800F8 /* Color+Random.swift */; };
		B6AE6D752829319E001800F8 /* Color+Random.swift in Sources */ = {isa = PBXBuildFile; fileRef = B6AE6D732829319E001800F8 /* Color+Random.swift */; };
		B6AE6D7828295130001800F8 /* TreeItemMenu.swift in Sources */ = {isa = PBXBuildFile; fileRef = B6AE6D7628295130001800F8 /* TreeItemMenu.swift */; };
		B6B125CE2834DA33005E989F /* Padding.swift in Sources */ = {isa = PBXBuildFile; fileRef = B6B125CD2834DA33005E989F /* Padding.swift */; };
		B6B125CF2834DA33005E989F /* Padding.swift in Sources */ = {isa = PBXBuildFile; fileRef = B6B125CD2834DA33005E989F /* Padding.swift */; };
		B6B125D32834DE33005E989F /* Action.swift in Sources */ = {isa = PBXBuildFile; fileRef = B6A2E5F9282D33F7002FCDFF /* Action.swift */; };
		B6B125D42834DE33005E989F /* Font.swift in Sources */ = {isa = PBXBuildFile; fileRef = B6EECA5228338BD100774B42 /* Font.swift */; };
		B6B125D52834DE33005E989F /* Color.swift in Sources */ = {isa = PBXBuildFile; fileRef = B67692A4282E9DAA0026CA87 /* Color.swift */; };
		B6B125D62834DE33005E989F /* Padding.swift in Sources */ = {isa = PBXBuildFile; fileRef = B6B125CD2834DA33005E989F /* Padding.swift */; };
		B6B125D72834DE33005E989F /* Properties.swift in Sources */ = {isa = PBXBuildFile; fileRef = B676929E282E9C9C0026CA87 /* Properties.swift */; };
		B6B125D82834DE39005E989F /* View+Shape.swift in Sources */ = {isa = PBXBuildFile; fileRef = B67692A1282E9D4C0026CA87 /* View+Shape.swift */; };
		B6B125DA2834DE42005E989F /* Text.swift in Sources */ = {isa = PBXBuildFile; fileRef = B69F2BD42828673000877D04 /* Text.swift */; };
		B6B125DB2834DE42005E989F /* HStack.swift in Sources */ = {isa = PBXBuildFile; fileRef = B69F2BD22828663900877D04 /* HStack.swift */; };
		B6B125DC2834DE42005E989F /* Image.swift in Sources */ = {isa = PBXBuildFile; fileRef = B61737A72829651E006DE98E /* Image.swift */; };
		B6B125DD2834DE42005E989F /* VStack.swift in Sources */ = {isa = PBXBuildFile; fileRef = B6FA89AA282975D100E842AE /* VStack.swift */; };
		B6B125DE2834DE42005E989F /* Collection.swift in Sources */ = {isa = PBXBuildFile; fileRef = B61433A6282A656E00760F39 /* Collection.swift */; };
		B6B125DF2834DE42005E989F /* Shape.swift in Sources */ = {isa = PBXBuildFile; fileRef = B67692A7282E9E330026CA87 /* Shape.swift */; };
		B6B125E02834DE42005E989F /* UicornView.swift in Sources */ = {isa = PBXBuildFile; fileRef = B60F225028283A1B00A730F1 /* UicornView.swift */; };
		B6B125E12834DE42005E989F /* ZStack.swift in Sources */ = {isa = PBXBuildFile; fileRef = B6FA89AD282975E300E842AE /* ZStack.swift */; };
		B6B125E22834DE42005E989F /* UnsplashCollection.swift in Sources */ = {isa = PBXBuildFile; fileRef = B61433AC282AA1D200760F39 /* UnsplashCollection.swift */; };
		B6B125E5283511C5005E989F /* PaddingPropertiesView.swift in Sources */ = {isa = PBXBuildFile; fileRef = B6B125E3283511C5005E989F /* PaddingPropertiesView.swift */; };
		B6B125E82835123E005E989F /* StepperView.swift in Sources */ = {isa = PBXBuildFile; fileRef = B6B125E62835123E005E989F /* StepperView.swift */; };
		B6B125EB28351A07005E989F /* TextEditorView.swift in Sources */ = {isa = PBXBuildFile; fileRef = B6B125E928351A07005E989F /* TextEditorView.swift */; };
		B6B125EE28352F15005E989F /* PropertiesView.swift in Sources */ = {isa = PBXBuildFile; fileRef = B6B125EC28352F15005E989F /* PropertiesView.swift */; };
		B6C2808E2837D0E300099DA3 /* nokia.scn in Resources */ = {isa = PBXBuildFile; fileRef = B6C2808D2837D0E300099DA3 /* nokia.scn */; };
		B6C2843627CCEAF60000C0E7 /* macOSApp.swift in Sources */ = {isa = PBXBuildFile; fileRef = B6C2843527CCEAF60000C0E7 /* macOSApp.swift */; };
		B6C2843A27CCEAF70000C0E7 /* Assets.xcassets in Resources */ = {isa = PBXBuildFile; fileRef = B6C2843927CCEAF70000C0E7 /* Assets.xcassets */; };
		B6C2843D27CCEAF70000C0E7 /* Preview Assets.xcassets in Resources */ = {isa = PBXBuildFile; fileRef = B6C2843C27CCEAF70000C0E7 /* Preview Assets.xcassets */; };
		B6D2B8F6283257EE00346B95 /* ShapePropertiesView.swift in Sources */ = {isa = PBXBuildFile; fileRef = B6D2B8F5283257EE00346B95 /* ShapePropertiesView.swift */; };
		B6EECA5328338BD100774B42 /* Font.swift in Sources */ = {isa = PBXBuildFile; fileRef = B6EECA5228338BD100774B42 /* Font.swift */; };
		B6EECA5428338BD100774B42 /* Font.swift in Sources */ = {isa = PBXBuildFile; fileRef = B6EECA5228338BD100774B42 /* Font.swift */; };
		B6EECA5628338D4000774B42 /* FontPropertiesView.swift in Sources */ = {isa = PBXBuildFile; fileRef = B6EECA5528338D4000774B42 /* FontPropertiesView.swift */; };
		B6EECA582833937400774B42 /* TextPropertiesView.swift in Sources */ = {isa = PBXBuildFile; fileRef = B6EECA572833937400774B42 /* TextPropertiesView.swift */; };
		B6FA89A52829753700E842AE /* View+VStack.swift in Sources */ = {isa = PBXBuildFile; fileRef = B6FA89A42829753700E842AE /* View+VStack.swift */; };
		B6FA89A62829753700E842AE /* View+VStack.swift in Sources */ = {isa = PBXBuildFile; fileRef = B6FA89A42829753700E842AE /* View+VStack.swift */; };
		B6FA89A82829755100E842AE /* View+ZStack.swift in Sources */ = {isa = PBXBuildFile; fileRef = B6FA89A72829755100E842AE /* View+ZStack.swift */; };
		B6FA89A92829755100E842AE /* View+ZStack.swift in Sources */ = {isa = PBXBuildFile; fileRef = B6FA89A72829755100E842AE /* View+ZStack.swift */; };
		B6FA89AB282975D100E842AE /* VStack.swift in Sources */ = {isa = PBXBuildFile; fileRef = B6FA89AA282975D100E842AE /* VStack.swift */; };
		B6FA89AC282975D100E842AE /* VStack.swift in Sources */ = {isa = PBXBuildFile; fileRef = B6FA89AA282975D100E842AE /* VStack.swift */; };
		B6FA89AE282975E300E842AE /* ZStack.swift in Sources */ = {isa = PBXBuildFile; fileRef = B6FA89AD282975E300E842AE /* ZStack.swift */; };
		B6FA89AF282975E300E842AE /* ZStack.swift in Sources */ = {isa = PBXBuildFile; fileRef = B6FA89AD282975E300E842AE /* ZStack.swift */; };
		B6FDF7DB27CCDB800008262D /* iOSApp.swift in Sources */ = {isa = PBXBuildFile; fileRef = B6FDF7DA27CCDB800008262D /* iOSApp.swift */; };
		B6FDF7DF27CCDB810008262D /* Assets.xcassets in Resources */ = {isa = PBXBuildFile; fileRef = B6FDF7DE27CCDB810008262D /* Assets.xcassets */; };
		B6FDF7E227CCDB810008262D /* Preview Assets.xcassets in Resources */ = {isa = PBXBuildFile; fileRef = B6FDF7E127CCDB810008262D /* Preview Assets.xcassets */; };
/* End PBXBuildFile section */

/* Begin PBXFileReference section */
		B60F22472827C53900A730F1 /* ViewType.swift */ = {isa = PBXFileReference; lastKnownFileType = sourcecode.swift; path = ViewType.swift; sourceTree = "<group>"; };
		B60F22492827C63E00A730F1 /* TreeItem.swift */ = {isa = PBXFileReference; lastKnownFileType = sourcecode.swift; path = TreeItem.swift; sourceTree = "<group>"; };
		B60F224B2827C6B300A730F1 /* TreeItem+JsonUI.swift */ = {isa = PBXFileReference; lastKnownFileType = sourcecode.swift; path = "TreeItem+JsonUI.swift"; sourceTree = "<group>"; };
		B60F224E282839F700A730F1 /* Uicorn.swift */ = {isa = PBXFileReference; lastKnownFileType = sourcecode.swift; path = Uicorn.swift; sourceTree = "<group>"; };
		B60F225028283A1B00A730F1 /* UicornView.swift */ = {isa = PBXFileReference; lastKnownFileType = sourcecode.swift; path = UicornView.swift; sourceTree = "<group>"; };
		B614339D282A5EFC00760F39 /* View+Collection.swift */ = {isa = PBXFileReference; lastKnownFileType = sourcecode.swift; path = "View+Collection.swift"; sourceTree = "<group>"; };
		B61433A0282A642200760F39 /* Sugar.swift */ = {isa = PBXFileReference; lastKnownFileType = sourcecode.swift; path = Sugar.swift; sourceTree = "<group>"; };
		B61433A3282A644800760F39 /* Mock.swift */ = {isa = PBXFileReference; lastKnownFileType = sourcecode.swift; path = Mock.swift; sourceTree = "<group>"; };
		B61433A6282A656E00760F39 /* Collection.swift */ = {isa = PBXFileReference; lastKnownFileType = sourcecode.swift; path = Collection.swift; sourceTree = "<group>"; };
		B61433A9282A84C600760F39 /* BackendController.swift */ = {isa = PBXFileReference; lastKnownFileType = sourcecode.swift; path = BackendController.swift; sourceTree = "<group>"; };
		B61433AC282AA1D200760F39 /* UnsplashCollection.swift */ = {isa = PBXFileReference; lastKnownFileType = sourcecode.swift; path = UnsplashCollection.swift; sourceTree = "<group>"; };
		B61737A72829651E006DE98E /* Image.swift */ = {isa = PBXFileReference; lastKnownFileType = sourcecode.swift; path = Image.swift; sourceTree = "<group>"; };
		B61737AA2829664A006DE98E /* View+Image.swift */ = {isa = PBXFileReference; lastKnownFileType = sourcecode.swift; path = "View+Image.swift"; sourceTree = "<group>"; };
		B627C60D2821636D0029126A /* AppView.swift */ = {isa = PBXFileReference; lastKnownFileType = sourcecode.swift; path = AppView.swift; sourceTree = "<group>"; };
		B62CFC8D27D9EE7100C0F17B /* JsonUI+VStack.swift */ = {isa = PBXFileReference; fileEncoding = 4; lastKnownFileType = sourcecode.swift; path = "JsonUI+VStack.swift"; sourceTree = "<group>"; };
		B62CFC8E27D9EE7100C0F17B /* JsonUI+Text.swift */ = {isa = PBXFileReference; fileEncoding = 4; lastKnownFileType = sourcecode.swift; path = "JsonUI+Text.swift"; sourceTree = "<group>"; };
		B62CFC8F27D9EE7100C0F17B /* JsonUI+Rectangle.swift */ = {isa = PBXFileReference; fileEncoding = 4; lastKnownFileType = sourcecode.swift; path = "JsonUI+Rectangle.swift"; sourceTree = "<group>"; };
		B62CFC9027D9EE7100C0F17B /* JsonUI+ZStack.swift */ = {isa = PBXFileReference; fileEncoding = 4; lastKnownFileType = sourcecode.swift; path = "JsonUI+ZStack.swift"; sourceTree = "<group>"; };
		B62CFC9127D9EE7100C0F17B /* JsonUI+HStack.swift */ = {isa = PBXFileReference; fileEncoding = 4; lastKnownFileType = sourcecode.swift; path = "JsonUI+HStack.swift"; sourceTree = "<group>"; };
		B62CFC9227D9EE7100C0F17B /* JsonUI+Image.swift */ = {isa = PBXFileReference; fileEncoding = 4; lastKnownFileType = sourcecode.swift; path = "JsonUI+Image.swift"; sourceTree = "<group>"; };
		B62CFCA327D9F41B00C0F17B /* JsonUI+Spacer.swift */ = {isa = PBXFileReference; fileEncoding = 4; lastKnownFileType = sourcecode.swift; path = "JsonUI+Spacer.swift"; sourceTree = "<group>"; };
		B62CFCAA27D9F60F00C0F17B /* JsonUI+Padding.swift */ = {isa = PBXFileReference; lastKnownFileType = sourcecode.swift; path = "JsonUI+Padding.swift"; sourceTree = "<group>"; };
		B62CFCAD27DB5C0800C0F17B /* JsonUI+Color.swift */ = {isa = PBXFileReference; lastKnownFileType = sourcecode.swift; path = "JsonUI+Color.swift"; sourceTree = "<group>"; };
		B63F547227CE1D2200C111A8 /* NewsView.swift */ = {isa = PBXFileReference; lastKnownFileType = sourcecode.swift; path = NewsView.swift; sourceTree = "<group>"; };
		B63F547527CE254200C111A8 /* LiveView.swift */ = {isa = PBXFileReference; lastKnownFileType = sourcecode.swift; path = LiveView.swift; sourceTree = "<group>"; };
		B63F547827CE2B1900C111A8 /* DynamicGridView.swift */ = {isa = PBXFileReference; lastKnownFileType = sourcecode.swift; path = DynamicGridView.swift; sourceTree = "<group>"; };
		B63F547B27CE2BD000C111A8 /* LiveHeaderView.swift */ = {isa = PBXFileReference; lastKnownFileType = sourcecode.swift; path = LiveHeaderView.swift; sourceTree = "<group>"; };
		B64A9685283776A200F4334D /* SceneViewController.swift */ = {isa = PBXFileReference; lastKnownFileType = sourcecode.swift; path = SceneViewController.swift; sourceTree = "<group>"; };
		B64A968D2837C16100F4334D /* nokia.old.scn */ = {isa = PBXFileReference; lastKnownFileType = file.bplist; path = nokia.old.scn; sourceTree = "<group>"; };
		B64C9F3C283695F600A4B7CF /* Nonokia.app */ = {isa = PBXFileReference; explicitFileType = wrapper.application; includeInIndex = 0; path = Nonokia.app; sourceTree = BUILT_PRODUCTS_DIR; };
		B64C9F3E283695F600A4B7CF /* NonokiaApp.swift */ = {isa = PBXFileReference; lastKnownFileType = sourcecode.swift; path = NonokiaApp.swift; sourceTree = "<group>"; };
		B64C9F40283695F600A4B7CF /* ContentView.swift */ = {isa = PBXFileReference; lastKnownFileType = sourcecode.swift; path = ContentView.swift; sourceTree = "<group>"; };
		B64C9F42283695F700A4B7CF /* Assets.xcassets */ = {isa = PBXFileReference; lastKnownFileType = folder.assetcatalog; path = Assets.xcassets; sourceTree = "<group>"; };
		B64C9F45283695F700A4B7CF /* Preview Assets.xcassets */ = {isa = PBXFileReference; lastKnownFileType = folder.assetcatalog; path = "Preview Assets.xcassets"; sourceTree = "<group>"; };
		B660EEC1283641E8008234A4 /* ImagePropertiesView.swift */ = {isa = PBXFileReference; lastKnownFileType = sourcecode.swift; path = ImagePropertiesView.swift; sourceTree = "<group>"; };
		B660EEC32836422F008234A4 /* TextFieldView.swift */ = {isa = PBXFileReference; lastKnownFileType = sourcecode.swift; path = TextFieldView.swift; sourceTree = "<group>"; };
		B66A8E092816D46D00BE9D55 /* TerminalView.swift */ = {isa = PBXFileReference; lastKnownFileType = sourcecode.swift; path = TerminalView.swift; sourceTree = "<group>"; };
		B676929A282E622D0026CA87 /* Header.swift */ = {isa = PBXFileReference; lastKnownFileType = sourcecode.swift; path = Header.swift; sourceTree = "<group>"; };
		B676929C282E828C0026CA87 /* ColorPropertiesView.swift */ = {isa = PBXFileReference; lastKnownFileType = sourcecode.swift; path = ColorPropertiesView.swift; sourceTree = "<group>"; };
		B676929E282E9C9C0026CA87 /* Properties.swift */ = {isa = PBXFileReference; lastKnownFileType = sourcecode.swift; path = Properties.swift; sourceTree = "<group>"; };
		B67692A1282E9D4C0026CA87 /* View+Shape.swift */ = {isa = PBXFileReference; lastKnownFileType = sourcecode.swift; path = "View+Shape.swift"; sourceTree = "<group>"; };
		B67692A4282E9DAA0026CA87 /* Color.swift */ = {isa = PBXFileReference; lastKnownFileType = sourcecode.swift; path = Color.swift; sourceTree = "<group>"; };
		B67692A7282E9E330026CA87 /* Shape.swift */ = {isa = PBXFileReference; lastKnownFileType = sourcecode.swift; path = Shape.swift; sourceTree = "<group>"; };
		B67B3D9327DF419700F50F2E /* NSLayoutConstraint+Helpers.swift */ = {isa = PBXFileReference; lastKnownFileType = sourcecode.swift; path = "NSLayoutConstraint+Helpers.swift"; sourceTree = "<group>"; };
		B67B3D9627DF42B300F50F2E /* Types.swift */ = {isa = PBXFileReference; lastKnownFileType = sourcecode.swift; path = Types.swift; sourceTree = "<group>"; };
		B67B3D9C27DF541B00F50F2E /* NSDirectionalEdgeInsets+Helpers.swift */ = {isa = PBXFileReference; lastKnownFileType = sourcecode.swift; path = "NSDirectionalEdgeInsets+Helpers.swift"; sourceTree = "<group>"; };
		B67B3D9F27DF54C000F50F2E /* UIEdgeInsets+Helpers.swift */ = {isa = PBXFileReference; lastKnownFileType = sourcecode.swift; path = "UIEdgeInsets+Helpers.swift"; sourceTree = "<group>"; };
		B67B3DA627E093F300F50F2E /* LocationView.swift */ = {isa = PBXFileReference; lastKnownFileType = sourcecode.swift; path = LocationView.swift; sourceTree = "<group>"; };
		B67B3DA927E0942900F50F2E /* Location.swift */ = {isa = PBXFileReference; lastKnownFileType = sourcecode.swift; path = Location.swift; sourceTree = "<group>"; };
		B67B3DAC27E0C2FE00F50F2E /* ArticleView.swift */ = {isa = PBXFileReference; lastKnownFileType = sourcecode.swift; path = ArticleView.swift; sourceTree = "<group>"; };
		B67B3DAF27E0D95900F50F2E /* CarouselView.swift */ = {isa = PBXFileReference; lastKnownFileType = sourcecode.swift; path = CarouselView.swift; sourceTree = "<group>"; };
		B67B3DB227E0DAE700F50F2E /* ImageView.swift */ = {isa = PBXFileReference; lastKnownFileType = sourcecode.swift; path = ImageView.swift; sourceTree = "<group>"; };
		B67B3DB627E0F1DB00F50F2E /* Coordinate.swift */ = {isa = PBXFileReference; lastKnownFileType = sourcecode.swift; path = Coordinate.swift; sourceTree = "<group>"; };
		B67B3DB927E0F1FE00F50F2E /* Article.swift */ = {isa = PBXFileReference; lastKnownFileType = sourcecode.swift; path = Article.swift; sourceTree = "<group>"; };
		B67B3DBC27E0F21D00F50F2E /* CarouselItem.swift */ = {isa = PBXFileReference; lastKnownFileType = sourcecode.swift; path = CarouselItem.swift; sourceTree = "<group>"; };
		B67B3DC127E1048F00F50F2E /* NewspaperView.swift */ = {isa = PBXFileReference; lastKnownFileType = sourcecode.swift; path = NewspaperView.swift; sourceTree = "<group>"; };
		B67B3DC427E1057B00F50F2E /* Newspaper.swift */ = {isa = PBXFileReference; lastKnownFileType = sourcecode.swift; path = Newspaper.swift; sourceTree = "<group>"; };
		B6838BEA27D76F4300C60C32 /* JsonUI.swift */ = {isa = PBXFileReference; lastKnownFileType = sourcecode.swift; path = JsonUI.swift; sourceTree = "<group>"; };
		B6838BED27D794D300C60C32 /* JsonUI+SwiftUI.swift */ = {isa = PBXFileReference; lastKnownFileType = sourcecode.swift; path = "JsonUI+SwiftUI.swift"; sourceTree = "<group>"; };
		B6838BF027D7B7E100C60C32 /* JsonUI+Script.swift */ = {isa = PBXFileReference; lastKnownFileType = sourcecode.swift; path = "JsonUI+Script.swift"; sourceTree = "<group>"; };
		B6838BF327D7BE4400C60C32 /* JsonUI+Codable.swift */ = {isa = PBXFileReference; lastKnownFileType = sourcecode.swift; path = "JsonUI+Codable.swift"; sourceTree = "<group>"; };
		B6838BF927D7D94A00C60C32 /* Parser.swift */ = {isa = PBXFileReference; lastKnownFileType = sourcecode.swift; path = Parser.swift; sourceTree = "<group>"; };
		B6883D5A282523B400544462 /* TreeView.swift */ = {isa = PBXFileReference; lastKnownFileType = sourcecode.swift; path = TreeView.swift; sourceTree = "<group>"; };
		B6883D5C2825468100544462 /* ViewVisibility.swift */ = {isa = PBXFileReference; lastKnownFileType = sourcecode.swift; path = ViewVisibility.swift; sourceTree = "<group>"; };
		B6883D5E2825531400544462 /* ScreenView.swift */ = {isa = PBXFileReference; lastKnownFileType = sourcecode.swift; path = ScreenView.swift; sourceTree = "<group>"; };
		B6883D60282578BD00544462 /* InspectorView.swift */ = {isa = PBXFileReference; lastKnownFileType = sourcecode.swift; path = InspectorView.swift; sourceTree = "<group>"; };
		B6883D622825838100544462 /* MapView.swift */ = {isa = PBXFileReference; lastKnownFileType = sourcecode.swift; path = MapView.swift; sourceTree = "<group>"; };
		B6883D652825844E00544462 /* ConfigurationStyle.swift */ = {isa = PBXFileReference; lastKnownFileType = sourcecode.swift; path = ConfigurationStyle.swift; sourceTree = "<group>"; };
		B6883D672825846E00544462 /* ConfigurationType.swift */ = {isa = PBXFileReference; lastKnownFileType = sourcecode.swift; path = ConfigurationType.swift; sourceTree = "<group>"; };
		B6883D692825850700544462 /* String+Unique.swift */ = {isa = PBXFileReference; lastKnownFileType = sourcecode.swift; path = "String+Unique.swift"; sourceTree = "<group>"; };
		B6883D6C2825864500544462 /* Reference.swift */ = {isa = PBXFileReference; lastKnownFileType = sourcecode.swift; path = Reference.swift; sourceTree = "<group>"; };
		B69F2BD02828646800877D04 /* TreeItem+Uicorn.swift */ = {isa = PBXFileReference; lastKnownFileType = sourcecode.swift; path = "TreeItem+Uicorn.swift"; sourceTree = "<group>"; };
		B69F2BD22828663900877D04 /* HStack.swift */ = {isa = PBXFileReference; lastKnownFileType = sourcecode.swift; path = HStack.swift; sourceTree = "<group>"; };
		B69F2BD42828673000877D04 /* Text.swift */ = {isa = PBXFileReference; lastKnownFileType = sourcecode.swift; path = Text.swift; sourceTree = "<group>"; };
		B6A2E5F4282D050F002FCDFF /* HostView.swift */ = {isa = PBXFileReference; lastKnownFileType = sourcecode.swift; path = HostView.swift; sourceTree = "<group>"; };
		B6A2E5F6282D064B002FCDFF /* CollectionPropertiesView.swift */ = {isa = PBXFileReference; lastKnownFileType = sourcecode.swift; path = CollectionPropertiesView.swift; sourceTree = "<group>"; };
		B6A2E5F9282D33F7002FCDFF /* Action.swift */ = {isa = PBXFileReference; lastKnownFileType = sourcecode.swift; path = Action.swift; sourceTree = "<group>"; };
		B6A38E4F282BF851002777CA /* Renderer.app */ = {isa = PBXFileReference; explicitFileType = wrapper.application; includeInIndex = 0; path = Renderer.app; sourceTree = BUILT_PRODUCTS_DIR; };
		B6A38E51282BF851002777CA /* RendererApp.swift */ = {isa = PBXFileReference; lastKnownFileType = sourcecode.swift; path = RendererApp.swift; sourceTree = "<group>"; };
		B6A38E55282BF852002777CA /* Assets.xcassets */ = {isa = PBXFileReference; lastKnownFileType = folder.assetcatalog; path = Assets.xcassets; sourceTree = "<group>"; };
		B6A38E58282BF852002777CA /* Preview Assets.xcassets */ = {isa = PBXFileReference; lastKnownFileType = folder.assetcatalog; path = "Preview Assets.xcassets"; sourceTree = "<group>"; };
		B6A38E5D282BF867002777CA /* Renderer.entitlements */ = {isa = PBXFileReference; lastKnownFileType = text.plist.entitlements; path = Renderer.entitlements; sourceTree = "<group>"; };
		B6A38E74282BFBC0002777CA /* Info.plist */ = {isa = PBXFileReference; lastKnownFileType = text.plist; path = Info.plist; sourceTree = "<group>"; };
		B6A38E76282C03FD002777CA /* Renderer-Bridging-Header.h */ = {isa = PBXFileReference; lastKnownFileType = sourcecode.c.h; path = "Renderer-Bridging-Header.h"; sourceTree = "<group>"; };
		B6AE6D622828FCDB001800F8 /* App.swift */ = {isa = PBXFileReference; lastKnownFileType = sourcecode.swift; path = App.swift; sourceTree = "<group>"; };
		B6AE6D652828FCEA001800F8 /* Screen.swift */ = {isa = PBXFileReference; lastKnownFileType = sourcecode.swift; path = Screen.swift; sourceTree = "<group>"; };
		B6AE6D682828FCFE001800F8 /* View.swift */ = {isa = PBXFileReference; lastKnownFileType = sourcecode.swift; path = View.swift; sourceTree = "<group>"; };
		B6AE6D6B2828FF2C001800F8 /* View+HStack.swift */ = {isa = PBXFileReference; lastKnownFileType = sourcecode.swift; path = "View+HStack.swift"; sourceTree = "<group>"; };
		B6AE6D6E2828FF39001800F8 /* View+Text.swift */ = {isa = PBXFileReference; lastKnownFileType = sourcecode.swift; path = "View+Text.swift"; sourceTree = "<group>"; };
		B6AE6D732829319E001800F8 /* Color+Random.swift */ = {isa = PBXFileReference; lastKnownFileType = sourcecode.swift; path = "Color+Random.swift"; sourceTree = "<group>"; };
		B6AE6D7628295130001800F8 /* TreeItemMenu.swift */ = {isa = PBXFileReference; lastKnownFileType = sourcecode.swift; name = TreeItemMenu.swift; path = macOS/Views/Components/TreeItemMenu.swift; sourceTree = SOURCE_ROOT; };
		B6B125CD2834DA33005E989F /* Padding.swift */ = {isa = PBXFileReference; lastKnownFileType = sourcecode.swift; path = Padding.swift; sourceTree = "<group>"; };
		B6B125E3283511C5005E989F /* PaddingPropertiesView.swift */ = {isa = PBXFileReference; lastKnownFileType = sourcecode.swift; path = PaddingPropertiesView.swift; sourceTree = "<group>"; };
		B6B125E62835123E005E989F /* StepperView.swift */ = {isa = PBXFileReference; lastKnownFileType = sourcecode.swift; path = StepperView.swift; sourceTree = "<group>"; };
		B6B125E928351A07005E989F /* TextEditorView.swift */ = {isa = PBXFileReference; lastKnownFileType = sourcecode.swift; path = TextEditorView.swift; sourceTree = "<group>"; };
		B6B125EC28352F15005E989F /* PropertiesView.swift */ = {isa = PBXFileReference; lastKnownFileType = sourcecode.swift; path = PropertiesView.swift; sourceTree = "<group>"; };
		B6C2808D2837D0E300099DA3 /* nokia.scn */ = {isa = PBXFileReference; lastKnownFileType = file.bplist; path = nokia.scn; sourceTree = "<group>"; };
		B6C2843327CCEAF60000C0E7 /* Canvas.app */ = {isa = PBXFileReference; explicitFileType = wrapper.application; includeInIndex = 0; path = Canvas.app; sourceTree = BUILT_PRODUCTS_DIR; };
		B6C2843527CCEAF60000C0E7 /* macOSApp.swift */ = {isa = PBXFileReference; lastKnownFileType = sourcecode.swift; path = macOSApp.swift; sourceTree = "<group>"; };
		B6C2843927CCEAF70000C0E7 /* Assets.xcassets */ = {isa = PBXFileReference; lastKnownFileType = folder.assetcatalog; path = Assets.xcassets; sourceTree = "<group>"; };
		B6C2843C27CCEAF70000C0E7 /* Preview Assets.xcassets */ = {isa = PBXFileReference; lastKnownFileType = folder.assetcatalog; path = "Preview Assets.xcassets"; sourceTree = "<group>"; };
		B6C2843E27CCEAF70000C0E7 /* macOS.entitlements */ = {isa = PBXFileReference; lastKnownFileType = text.plist.entitlements; path = macOS.entitlements; sourceTree = "<group>"; };
		B6C2844327CCFBCC0000C0E7 /* Info.plist */ = {isa = PBXFileReference; lastKnownFileType = text.plist; path = Info.plist; sourceTree = "<group>"; };
		B6D2B8F5283257EE00346B95 /* ShapePropertiesView.swift */ = {isa = PBXFileReference; lastKnownFileType = sourcecode.swift; path = ShapePropertiesView.swift; sourceTree = "<group>"; };
		B6ECBDEA27E1DC0F00185B7E /* ArticleHeaderView.swift */ = {isa = PBXFileReference; lastKnownFileType = sourcecode.swift; path = ArticleHeaderView.swift; sourceTree = "<group>"; };
		B6ECBDEE27E1DEAA00185B7E /* Caption.swift */ = {isa = PBXFileReference; lastKnownFileType = sourcecode.swift; path = Caption.swift; sourceTree = "<group>"; };
		B6ECBDF227E1F2BA00185B7E /* LocationFetcher.swift */ = {isa = PBXFileReference; lastKnownFileType = sourcecode.swift; path = LocationFetcher.swift; sourceTree = "<group>"; };
		B6ECBDF527E20CD000185B7E /* Issue.swift */ = {isa = PBXFileReference; lastKnownFileType = sourcecode.swift; path = Issue.swift; sourceTree = "<group>"; };
		B6ECBDF827E20D0800185B7E /* IssueView.swift */ = {isa = PBXFileReference; lastKnownFileType = sourcecode.swift; path = IssueView.swift; sourceTree = "<group>"; };
		B6ECBDFB27E2234000185B7E /* CustomFormatter.swift */ = {isa = PBXFileReference; lastKnownFileType = sourcecode.swift; path = CustomFormatter.swift; sourceTree = "<group>"; };
		B6ECBDFE27E226B300185B7E /* IssueDateView.swift */ = {isa = PBXFileReference; lastKnownFileType = sourcecode.swift; path = IssueDateView.swift; sourceTree = "<group>"; };
		B6ECBE0127E4CBBD00185B7E /* ComposeArticleView.swift */ = {isa = PBXFileReference; lastKnownFileType = sourcecode.swift; path = ComposeArticleView.swift; sourceTree = "<group>"; };
		B6ECBE0427E4E4AF00185B7E /* ComposeTextView.swift */ = {isa = PBXFileReference; lastKnownFileType = sourcecode.swift; path = ComposeTextView.swift; sourceTree = "<group>"; };
		B6ECBE0727E7614E00185B7E /* CameraView.swift */ = {isa = PBXFileReference; lastKnownFileType = sourcecode.swift; path = CameraView.swift; sourceTree = "<group>"; };
		B6EECA5228338BD100774B42 /* Font.swift */ = {isa = PBXFileReference; lastKnownFileType = sourcecode.swift; path = Font.swift; sourceTree = "<group>"; };
		B6EECA5528338D4000774B42 /* FontPropertiesView.swift */ = {isa = PBXFileReference; lastKnownFileType = sourcecode.swift; path = FontPropertiesView.swift; sourceTree = "<group>"; };
		B6EECA572833937400774B42 /* TextPropertiesView.swift */ = {isa = PBXFileReference; lastKnownFileType = sourcecode.swift; path = TextPropertiesView.swift; sourceTree = "<group>"; };
		B6FA89A42829753700E842AE /* View+VStack.swift */ = {isa = PBXFileReference; lastKnownFileType = sourcecode.swift; path = "View+VStack.swift"; sourceTree = "<group>"; };
		B6FA89A72829755100E842AE /* View+ZStack.swift */ = {isa = PBXFileReference; lastKnownFileType = sourcecode.swift; path = "View+ZStack.swift"; sourceTree = "<group>"; };
		B6FA89AA282975D100E842AE /* VStack.swift */ = {isa = PBXFileReference; lastKnownFileType = sourcecode.swift; path = VStack.swift; sourceTree = "<group>"; };
		B6FA89AD282975E300E842AE /* ZStack.swift */ = {isa = PBXFileReference; lastKnownFileType = sourcecode.swift; path = ZStack.swift; sourceTree = "<group>"; };
		B6FDF7D227CCDA500008262D /* GridView.swift */ = {isa = PBXFileReference; lastKnownFileType = sourcecode.swift; path = GridView.swift; sourceTree = "<group>"; };
		B6FDF7D827CCDB800008262D /* Canvas.app */ = {isa = PBXFileReference; explicitFileType = wrapper.application; includeInIndex = 0; path = Canvas.app; sourceTree = BUILT_PRODUCTS_DIR; };
		B6FDF7DA27CCDB800008262D /* iOSApp.swift */ = {isa = PBXFileReference; lastKnownFileType = sourcecode.swift; path = iOSApp.swift; sourceTree = "<group>"; };
		B6FDF7DE27CCDB810008262D /* Assets.xcassets */ = {isa = PBXFileReference; lastKnownFileType = folder.assetcatalog; path = Assets.xcassets; sourceTree = "<group>"; };
		B6FDF7E127CCDB810008262D /* Preview Assets.xcassets */ = {isa = PBXFileReference; lastKnownFileType = folder.assetcatalog; path = "Preview Assets.xcassets"; sourceTree = "<group>"; };
/* End PBXFileReference section */

/* Begin PBXFrameworksBuildPhase section */
		B64C9F39283695F600A4B7CF /* Frameworks */ = {
			isa = PBXFrameworksBuildPhase;
			buildActionMask = 2147483647;
			files = (
			);
			runOnlyForDeploymentPostprocessing = 0;
		};
		B6A38E4C282BF851002777CA /* Frameworks */ = {
			isa = PBXFrameworksBuildPhase;
			buildActionMask = 2147483647;
			files = (
			);
			runOnlyForDeploymentPostprocessing = 0;
		};
		B6C2843027CCEAF60000C0E7 /* Frameworks */ = {
			isa = PBXFrameworksBuildPhase;
			buildActionMask = 2147483647;
			files = (
			);
			runOnlyForDeploymentPostprocessing = 0;
		};
		B6FDF7D527CCDB800008262D /* Frameworks */ = {
			isa = PBXFrameworksBuildPhase;
			buildActionMask = 2147483647;
			files = (
			);
			runOnlyForDeploymentPostprocessing = 0;
		};
/* End PBXFrameworksBuildPhase section */

/* Begin PBXGroup section */
		B60F224D282839DC00A730F1 /* Uicorn */ = {
			isa = PBXGroup;
			children = (
				B6AE6D71282902DC001800F8 /* Models */,
				B6AE6D72282902E2001800F8 /* Views */,
			);
			path = Uicorn;
			sourceTree = "<group>";
		};
		B62A6CE927C7C6D200798A2C = {
			isa = PBXGroup;
			children = (
				B6FDF7E627CCDB960008262D /* Shared */,
				B6FDF7D927CCDB800008262D /* iOS */,
				B6C2843427CCEAF60000C0E7 /* macOS */,
				B6A38E50282BF851002777CA /* Renderer */,
				B64C9F3D283695F600A4B7CF /* Nonokia */,
				B62A6CF327C7C6D200798A2C /* Products */,
			);
			sourceTree = "<group>";
		};
		B62A6CF327C7C6D200798A2C /* Products */ = {
			isa = PBXGroup;
			children = (
				B6FDF7D827CCDB800008262D /* Canvas.app */,
				B6C2843327CCEAF60000C0E7 /* Canvas.app */,
				B6A38E4F282BF851002777CA /* Renderer.app */,
				B64C9F3C283695F600A4B7CF /* Nonokia.app */,
			);
			name = Products;
			sourceTree = "<group>";
		};
		B64C9F3D283695F600A4B7CF /* Nonokia */ = {
			isa = PBXGroup;
			children = (
				B6C2808D2837D0E300099DA3 /* nokia.scn */,
				B64A968D2837C16100F4334D /* nokia.old.scn */,
				B64C9F3E283695F600A4B7CF /* NonokiaApp.swift */,
				B64C9F40283695F600A4B7CF /* ContentView.swift */,
				B64A9685283776A200F4334D /* SceneViewController.swift */,
				B64C9F42283695F700A4B7CF /* Assets.xcassets */,
				B64C9F44283695F700A4B7CF /* Preview Content */,
			);
			path = Nonokia;
			sourceTree = "<group>";
		};
		B64C9F44283695F700A4B7CF /* Preview Content */ = {
			isa = PBXGroup;
			children = (
				B64C9F45283695F700A4B7CF /* Preview Assets.xcassets */,
			);
			path = "Preview Content";
			sourceTree = "<group>";
		};
		B67B3D8A27DF3D3F00F50F2E /* JsonUI */ = {
			isa = PBXGroup;
			children = (
				B6838BEA27D76F4300C60C32 /* JsonUI.swift */,
				B6838BF327D7BE4400C60C32 /* JsonUI+Codable.swift */,
				B6838BED27D794D300C60C32 /* JsonUI+SwiftUI.swift */,
				B6838BF027D7B7E100C60C32 /* JsonUI+Script.swift */,
				B62CFC9127D9EE7100C0F17B /* JsonUI+HStack.swift */,
				B62CFC8D27D9EE7100C0F17B /* JsonUI+VStack.swift */,
				B62CFC9027D9EE7100C0F17B /* JsonUI+ZStack.swift */,
				B62CFC9227D9EE7100C0F17B /* JsonUI+Image.swift */,
				B62CFC8E27D9EE7100C0F17B /* JsonUI+Text.swift */,
				B62CFC8F27D9EE7100C0F17B /* JsonUI+Rectangle.swift */,
				B62CFCA327D9F41B00C0F17B /* JsonUI+Spacer.swift */,
				B62CFCAA27D9F60F00C0F17B /* JsonUI+Padding.swift */,
				B62CFCAD27DB5C0800C0F17B /* JsonUI+Color.swift */,
				B6838BF927D7D94A00C60C32 /* Parser.swift */,
			);
			path = JsonUI;
			sourceTree = "<group>";
		};
		B67B3DB527E0F1CF00F50F2E /* Models */ = {
			isa = PBXGroup;
			children = (
				B67B3DA927E0942900F50F2E /* Location.swift */,
				B67B3DB627E0F1DB00F50F2E /* Coordinate.swift */,
				B67B3DB927E0F1FE00F50F2E /* Article.swift */,
				B67B3DBC27E0F21D00F50F2E /* CarouselItem.swift */,
				B6ECBDF527E20CD000185B7E /* Issue.swift */,
				B67B3DC427E1057B00F50F2E /* Newspaper.swift */,
			);
			path = Models;
			sourceTree = "<group>";
		};
		B67B3DBF27E1036900F50F2E /* Extensions */ = {
			isa = PBXGroup;
			children = (
				B6883D692825850700544462 /* String+Unique.swift */,
				B6AE6D732829319E001800F8 /* Color+Random.swift */,
			);
			path = Extensions;
			sourceTree = "<group>";
		};
		B67B3DC027E1039600F50F2E /* Views */ = {
			isa = PBXGroup;
			children = (
				B6ECBDED27E1DE5600185B7E /* Modifiers */,
				B6FDF7D227CCDA500008262D /* GridView.swift */,
				B6ECBE0727E7614E00185B7E /* CameraView.swift */,
				B63F547527CE254200C111A8 /* LiveView.swift */,
				B63F547B27CE2BD000C111A8 /* LiveHeaderView.swift */,
				B63F547227CE1D2200C111A8 /* NewsView.swift */,
				B63F547827CE2B1900C111A8 /* DynamicGridView.swift */,
				B67B3DA627E093F300F50F2E /* LocationView.swift */,
				B67B3DAC27E0C2FE00F50F2E /* ArticleView.swift */,
				B6ECBDEA27E1DC0F00185B7E /* ArticleHeaderView.swift */,
				B67B3DAF27E0D95900F50F2E /* CarouselView.swift */,
				B67B3DB227E0DAE700F50F2E /* ImageView.swift */,
				B6ECBDF827E20D0800185B7E /* IssueView.swift */,
				B6ECBDFE27E226B300185B7E /* IssueDateView.swift */,
				B67B3DC127E1048F00F50F2E /* NewspaperView.swift */,
				B6ECBE0127E4CBBD00185B7E /* ComposeArticleView.swift */,
				B6ECBE0427E4E4AF00185B7E /* ComposeTextView.swift */,
				B66A8E092816D46D00BE9D55 /* TerminalView.swift */,
				B6883D622825838100544462 /* MapView.swift */,
			);
			path = Views;
			sourceTree = "<group>";
		};
		B6883D7E2825B95D00544462 /* Views */ = {
			isa = PBXGroup;
			children = (
				B6A2E5F8282D066F002FCDFF /* Components */,
				B627C60D2821636D0029126A /* AppView.swift */,
				B6883D5A282523B400544462 /* TreeView.swift */,
				B6883D5E2825531400544462 /* ScreenView.swift */,
				B6883D60282578BD00544462 /* InspectorView.swift */,
			);
			path = Views;
			sourceTree = "<group>";
		};
		B6883D7F2825B97F00544462 /* Types */ = {
			isa = PBXGroup;
			children = (
				B60F22472827C53900A730F1 /* ViewType.swift */,
				B60F22492827C63E00A730F1 /* TreeItem.swift */,
				B69F2BD02828646800877D04 /* TreeItem+Uicorn.swift */,
			);
			path = Types;
			sourceTree = "<group>";
		};
		B6883D802825B99A00544462 /* Modifiers */ = {
			isa = PBXGroup;
			children = (
				B6883D5C2825468100544462 /* ViewVisibility.swift */,
			);
			path = Modifiers;
			sourceTree = "<group>";
		};
		B6883D822825BB0900544462 /* Unused */ = {
			isa = PBXGroup;
			children = (
				B67B3D8A27DF3D3F00F50F2E /* JsonUI */,
				B6883D842825BB5700544462 /* Helpers */,
				B6883D832825BB3400544462 /* Extensions */,
				B67B3DB527E0F1CF00F50F2E /* Models */,
				B67B3DC027E1039600F50F2E /* Views */,
			);
			path = Unused;
			sourceTree = "<group>";
		};
		B6883D832825BB3400544462 /* Extensions */ = {
			isa = PBXGroup;
			children = (
				B67B3D9327DF419700F50F2E /* NSLayoutConstraint+Helpers.swift */,
				B67B3D9C27DF541B00F50F2E /* NSDirectionalEdgeInsets+Helpers.swift */,
				B67B3D9F27DF54C000F50F2E /* UIEdgeInsets+Helpers.swift */,
			);
			path = Extensions;
			sourceTree = "<group>";
		};
		B6883D842825BB5700544462 /* Helpers */ = {
			isa = PBXGroup;
			children = (
				B6ECBDF227E1F2BA00185B7E /* LocationFetcher.swift */,
				B6ECBDFB27E2234000185B7E /* CustomFormatter.swift */,
			);
			path = Helpers;
			sourceTree = "<group>";
		};
		B69F2BDD2828694200877D04 /* Unused */ = {
			isa = PBXGroup;
			children = (
				B6883D652825844E00544462 /* ConfigurationStyle.swift */,
				B6883D672825846E00544462 /* ConfigurationType.swift */,
				B6883D6C2825864500544462 /* Reference.swift */,
				B60F224B2827C6B300A730F1 /* TreeItem+JsonUI.swift */,
				B6A2E5F4282D050F002FCDFF /* HostView.swift */,
			);
			path = Unused;
			sourceTree = "<group>";
		};
		B6A2E5F8282D066F002FCDFF /* Components */ = {
			isa = PBXGroup;
			children = (
				B6AE6D7628295130001800F8 /* TreeItemMenu.swift */,
				B676929A282E622D0026CA87 /* Header.swift */,
				B6B125E62835123E005E989F /* StepperView.swift */,
				B6B125E928351A07005E989F /* TextEditorView.swift */,
				B660EEC32836422F008234A4 /* TextFieldView.swift */,
				B6A2E5F6282D064B002FCDFF /* CollectionPropertiesView.swift */,
				B676929C282E828C0026CA87 /* ColorPropertiesView.swift */,
				B6D2B8F5283257EE00346B95 /* ShapePropertiesView.swift */,
				B6EECA5528338D4000774B42 /* FontPropertiesView.swift */,
				B6EECA572833937400774B42 /* TextPropertiesView.swift */,
				B6B125E3283511C5005E989F /* PaddingPropertiesView.swift */,
				B660EEC1283641E8008234A4 /* ImagePropertiesView.swift */,
				B6B125EC28352F15005E989F /* PropertiesView.swift */,
			);
			path = Components;
			sourceTree = "<group>";
		};
		B6A38E50282BF851002777CA /* Renderer */ = {
			isa = PBXGroup;
			children = (
				B6A38E74282BFBC0002777CA /* Info.plist */,
				B6A38E5D282BF867002777CA /* Renderer.entitlements */,
				B6A38E76282C03FD002777CA /* Renderer-Bridging-Header.h */,
				B6A38E51282BF851002777CA /* RendererApp.swift */,
				B6A38E55282BF852002777CA /* Assets.xcassets */,
				B6A38E57282BF852002777CA /* Preview Content */,
			);
			path = Renderer;
			sourceTree = "<group>";
		};
		B6A38E57282BF852002777CA /* Preview Content */ = {
			isa = PBXGroup;
			children = (
				B6A38E58282BF852002777CA /* Preview Assets.xcassets */,
			);
			path = "Preview Content";
			sourceTree = "<group>";
		};
		B6AE6D71282902DC001800F8 /* Models */ = {
			isa = PBXGroup;
			children = (
				B6B125D22834DD6E005E989F /* Helpers */,
				B6B125D12834DBCB005E989F /* Types */,
				B60F224E282839F700A730F1 /* Uicorn.swift */,
				B6AE6D622828FCDB001800F8 /* App.swift */,
				B6AE6D652828FCEA001800F8 /* Screen.swift */,
				B6AE6D682828FCFE001800F8 /* View.swift */,
				B6AE6D6B2828FF2C001800F8 /* View+HStack.swift */,
				B6FA89A42829753700E842AE /* View+VStack.swift */,
				B6FA89A72829755100E842AE /* View+ZStack.swift */,
				B6AE6D6E2828FF39001800F8 /* View+Text.swift */,
				B61737AA2829664A006DE98E /* View+Image.swift */,
				B614339D282A5EFC00760F39 /* View+Collection.swift */,
				B67692A1282E9D4C0026CA87 /* View+Shape.swift */,
			);
			path = Models;
			sourceTree = "<group>";
		};
		B6AE6D72282902E2001800F8 /* Views */ = {
			isa = PBXGroup;
			children = (
				B60F225028283A1B00A730F1 /* UicornView.swift */,
				B69F2BD22828663900877D04 /* HStack.swift */,
				B6FA89AA282975D100E842AE /* VStack.swift */,
				B6FA89AD282975E300E842AE /* ZStack.swift */,
				B69F2BD42828673000877D04 /* Text.swift */,
				B61737A72829651E006DE98E /* Image.swift */,
				B61433A6282A656E00760F39 /* Collection.swift */,
				B61433AC282AA1D200760F39 /* UnsplashCollection.swift */,
				B67692A7282E9E330026CA87 /* Shape.swift */,
			);
			path = Views;
			sourceTree = "<group>";
		};
		B6B125D12834DBCB005E989F /* Types */ = {
			isa = PBXGroup;
			children = (
				B67692A4282E9DAA0026CA87 /* Color.swift */,
				B6EECA5228338BD100774B42 /* Font.swift */,
				B6A2E5F9282D33F7002FCDFF /* Action.swift */,
				B676929E282E9C9C0026CA87 /* Properties.swift */,
				B6B125CD2834DA33005E989F /* Padding.swift */,
			);
			path = Types;
			sourceTree = "<group>";
		};
		B6B125D22834DD6E005E989F /* Helpers */ = {
			isa = PBXGroup;
			children = (
				B61433A0282A642200760F39 /* Sugar.swift */,
				B61433A3282A644800760F39 /* Mock.swift */,
			);
			path = Helpers;
			sourceTree = "<group>";
		};
		B6C2843427CCEAF60000C0E7 /* macOS */ = {
			isa = PBXGroup;
			children = (
				B69F2BDD2828694200877D04 /* Unused */,
				B6883D802825B99A00544462 /* Modifiers */,
				B6883D7F2825B97F00544462 /* Types */,
				B6883D7E2825B95D00544462 /* Views */,
				B6C2843527CCEAF60000C0E7 /* macOSApp.swift */,
				B6C2843927CCEAF70000C0E7 /* Assets.xcassets */,
				B6C2843E27CCEAF70000C0E7 /* macOS.entitlements */,
				B6C2843B27CCEAF70000C0E7 /* Preview Content */,
			);
			path = macOS;
			sourceTree = "<group>";
		};
		B6C2843B27CCEAF70000C0E7 /* Preview Content */ = {
			isa = PBXGroup;
			children = (
				B6C2843C27CCEAF70000C0E7 /* Preview Assets.xcassets */,
			);
			path = "Preview Content";
			sourceTree = "<group>";
		};
		B6ECBDED27E1DE5600185B7E /* Modifiers */ = {
			isa = PBXGroup;
			children = (
				B6ECBDEE27E1DEAA00185B7E /* Caption.swift */,
			);
			path = Modifiers;
			sourceTree = "<group>";
		};
		B6ECBDF127E1F2A300185B7E /* Common */ = {
			isa = PBXGroup;
			children = (
				B67B3D9627DF42B300F50F2E /* Types.swift */,
				B61433A9282A84C600760F39 /* BackendController.swift */,
			);
			path = Common;
			sourceTree = "<group>";
		};
		B6FDF7D927CCDB800008262D /* iOS */ = {
			isa = PBXGroup;
			children = (
				B6C2844327CCFBCC0000C0E7 /* Info.plist */,
				B6FDF7DA27CCDB800008262D /* iOSApp.swift */,
				B6FDF7DE27CCDB810008262D /* Assets.xcassets */,
				B6FDF7E027CCDB810008262D /* Preview Content */,
			);
			path = iOS;
			sourceTree = "<group>";
		};
		B6FDF7E027CCDB810008262D /* Preview Content */ = {
			isa = PBXGroup;
			children = (
				B6FDF7E127CCDB810008262D /* Preview Assets.xcassets */,
			);
			path = "Preview Content";
			sourceTree = "<group>";
		};
		B6FDF7E627CCDB960008262D /* Shared */ = {
			isa = PBXGroup;
			children = (
				B6ECBDF127E1F2A300185B7E /* Common */,
				B67B3DBF27E1036900F50F2E /* Extensions */,
				B60F224D282839DC00A730F1 /* Uicorn */,
				B6883D822825BB0900544462 /* Unused */,
			);
			path = Shared;
			sourceTree = "<group>";
		};
/* End PBXGroup section */

/* Begin PBXNativeTarget section */
		B64C9F3B283695F600A4B7CF /* Nonokia */ = {
			isa = PBXNativeTarget;
			buildConfigurationList = B64C9F49283695F700A4B7CF /* Build configuration list for PBXNativeTarget "Nonokia" */;
			buildPhases = (
				B64C9F38283695F600A4B7CF /* Sources */,
				B64C9F39283695F600A4B7CF /* Frameworks */,
				B64C9F3A283695F600A4B7CF /* Resources */,
			);
			buildRules = (
			);
			dependencies = (
			);
			name = Nonokia;
			productName = Nonokia;
			productReference = B64C9F3C283695F600A4B7CF /* Nonokia.app */;
			productType = "com.apple.product-type.application";
		};
		B6A38E4E282BF851002777CA /* Renderer */ = {
			isa = PBXNativeTarget;
			buildConfigurationList = B6A38E5A282BF852002777CA /* Build configuration list for PBXNativeTarget "Renderer" */;
			buildPhases = (
				B6A38E4B282BF851002777CA /* Sources */,
				B6A38E4C282BF851002777CA /* Frameworks */,
				B6A38E4D282BF851002777CA /* Resources */,
			);
			buildRules = (
			);
			dependencies = (
			);
			name = Renderer;
			productName = Renderer;
			productReference = B6A38E4F282BF851002777CA /* Renderer.app */;
			productType = "com.apple.product-type.application";
		};
		B6C2843227CCEAF60000C0E7 /* macOS */ = {
			isa = PBXNativeTarget;
			buildConfigurationList = B6C2844127CCEAF70000C0E7 /* Build configuration list for PBXNativeTarget "macOS" */;
			buildPhases = (
				B6C2842F27CCEAF60000C0E7 /* Sources */,
				B6C2843027CCEAF60000C0E7 /* Frameworks */,
				B6C2843127CCEAF60000C0E7 /* Resources */,
			);
			buildRules = (
			);
			dependencies = (
			);
			name = macOS;
			packageProductDependencies = (
			);
			productName = macOS;
			productReference = B6C2843327CCEAF60000C0E7 /* Canvas.app */;
			productType = "com.apple.product-type.application";
		};
		B6FDF7D727CCDB800008262D /* iOS */ = {
			isa = PBXNativeTarget;
			buildConfigurationList = B6FDF7E327CCDB810008262D /* Build configuration list for PBXNativeTarget "iOS" */;
			buildPhases = (
				B6FDF7D427CCDB800008262D /* Sources */,
				B6FDF7D527CCDB800008262D /* Frameworks */,
				B6FDF7D627CCDB800008262D /* Resources */,
			);
			buildRules = (
			);
			dependencies = (
			);
			name = iOS;
			packageProductDependencies = (
			);
			productName = iOS;
			productReference = B6FDF7D827CCDB800008262D /* Canvas.app */;
			productType = "com.apple.product-type.application";
		};
/* End PBXNativeTarget section */

/* Begin PBXProject section */
		B62A6CEA27C7C6D200798A2C /* Project object */ = {
			isa = PBXProject;
			attributes = {
				BuildIndependentTargetsInParallel = 1;
				LastSwiftUpdateCheck = 1330;
				LastUpgradeCheck = 1330;
				TargetAttributes = {
					B64C9F3B283695F600A4B7CF = {
						CreatedOnToolsVersion = 13.3.1;
					};
					B6A38E4E282BF851002777CA = {
						CreatedOnToolsVersion = 13.3.1;
						LastSwiftMigration = 1330;
					};
					B6C2843227CCEAF60000C0E7 = {
						CreatedOnToolsVersion = 13.2.1;
					};
					B6FDF7D727CCDB800008262D = {
						CreatedOnToolsVersion = 13.1;
					};
				};
			};
			buildConfigurationList = B62A6CED27C7C6D200798A2C /* Build configuration list for PBXProject "Code" */;
			compatibilityVersion = "Xcode 13.0";
			developmentRegion = en;
			hasScannedForEncodings = 0;
			knownRegions = (
				en,
				Base,
			);
			mainGroup = B62A6CE927C7C6D200798A2C;
			packageReferences = (
			);
			productRefGroup = B62A6CF327C7C6D200798A2C /* Products */;
			projectDirPath = "";
			projectRoot = "";
			targets = (
				B6FDF7D727CCDB800008262D /* iOS */,
				B6C2843227CCEAF60000C0E7 /* macOS */,
				B6A38E4E282BF851002777CA /* Renderer */,
				B64C9F3B283695F600A4B7CF /* Nonokia */,
			);
		};
/* End PBXProject section */

/* Begin PBXResourcesBuildPhase section */
		B64C9F3A283695F600A4B7CF /* Resources */ = {
			isa = PBXResourcesBuildPhase;
			buildActionMask = 2147483647;
			files = (
				B64C9F46283695F700A4B7CF /* Preview Assets.xcassets in Resources */,
				B6C2808E2837D0E300099DA3 /* nokia.scn in Resources */,
				B64A968E2837C16100F4334D /* nokia.old.scn in Resources */,
				B64C9F43283695F700A4B7CF /* Assets.xcassets in Resources */,
			);
			runOnlyForDeploymentPostprocessing = 0;
		};
		B6A38E4D282BF851002777CA /* Resources */ = {
			isa = PBXResourcesBuildPhase;
			buildActionMask = 2147483647;
			files = (
				B6A38E59282BF852002777CA /* Preview Assets.xcassets in Resources */,
				B6A38E56282BF852002777CA /* Assets.xcassets in Resources */,
			);
			runOnlyForDeploymentPostprocessing = 0;
		};
		B6C2843127CCEAF60000C0E7 /* Resources */ = {
			isa = PBXResourcesBuildPhase;
			buildActionMask = 2147483647;
			files = (
				B6C2843D27CCEAF70000C0E7 /* Preview Assets.xcassets in Resources */,
				B6C2843A27CCEAF70000C0E7 /* Assets.xcassets in Resources */,
			);
			runOnlyForDeploymentPostprocessing = 0;
		};
		B6FDF7D627CCDB800008262D /* Resources */ = {
			isa = PBXResourcesBuildPhase;
			buildActionMask = 2147483647;
			files = (
				B6FDF7E227CCDB810008262D /* Preview Assets.xcassets in Resources */,
				B6FDF7DF27CCDB810008262D /* Assets.xcassets in Resources */,
			);
			runOnlyForDeploymentPostprocessing = 0;
		};
/* End PBXResourcesBuildPhase section */

/* Begin PBXSourcesBuildPhase section */
		B64C9F38283695F600A4B7CF /* Sources */ = {
			isa = PBXSourcesBuildPhase;
			buildActionMask = 2147483647;
			files = (
				B64A96892837772C00F4334D /* UIEdgeInsets+Helpers.swift in Sources */,
				B64A9686283776A200F4334D /* SceneViewController.swift in Sources */,
				B64C9F41283695F600A4B7CF /* ContentView.swift in Sources */,
				B64A968A2837773F00F4334D /* Types.swift in Sources */,
				B64A96882837772900F4334D /* NSDirectionalEdgeInsets+Helpers.swift in Sources */,
				B64A96872837770100F4334D /* NSLayoutConstraint+Helpers.swift in Sources */,
				B64C9F3F283695F600A4B7CF /* NonokiaApp.swift in Sources */,
			);
			runOnlyForDeploymentPostprocessing = 0;
		};
		B6A38E4B282BF851002777CA /* Sources */ = {
			isa = PBXSourcesBuildPhase;
			buildActionMask = 2147483647;
			files = (
				B6A38E52282BF851002777CA /* RendererApp.swift in Sources */,
				B6B125DC2834DE42005E989F /* Image.swift in Sources */,
				B6A38E64282BF8AF002777CA /* Screen.swift in Sources */,
				B6B125DB2834DE42005E989F /* HStack.swift in Sources */,
				B6A38E66282BF8AF002777CA /* Mock.swift in Sources */,
				B6A38E5E282BF8A5002777CA /* String+Unique.swift in Sources */,
				B6A38E63282BF8AF002777CA /* Uicorn.swift in Sources */,
				B6A38E73282BF8B2002777CA /* BackendController.swift in Sources */,
				B6B125DD2834DE42005E989F /* VStack.swift in Sources */,
				B6B125D82834DE39005E989F /* View+Shape.swift in Sources */,
				B6B125E02834DE42005E989F /* UicornView.swift in Sources */,
				B6B125D42834DE33005E989F /* Font.swift in Sources */,
				B6A38E70282BF8AF002777CA /* View.swift in Sources */,
				B6B125D62834DE33005E989F /* Padding.swift in Sources */,
				B6A38E6A282BF8AF002777CA /* View+Text.swift in Sources */,
				B6A38E6C282BF8AF002777CA /* View+ZStack.swift in Sources */,
				B6B125D32834DE33005E989F /* Action.swift in Sources */,
				B6A38E5F282BF8AF002777CA /* Sugar.swift in Sources */,
				B6A38E60282BF8AF002777CA /* View+Image.swift in Sources */,
				B6B125D52834DE33005E989F /* Color.swift in Sources */,
				B6B125DE2834DE42005E989F /* Collection.swift in Sources */,
				B6A38E6F282BF8AF002777CA /* View+Collection.swift in Sources */,
				B6B125E12834DE42005E989F /* ZStack.swift in Sources */,
				B6B125E22834DE42005E989F /* UnsplashCollection.swift in Sources */,
				B6B125D72834DE33005E989F /* Properties.swift in Sources */,
				B6B125DF2834DE42005E989F /* Shape.swift in Sources */,
				B6A38E65282BF8AF002777CA /* View+VStack.swift in Sources */,
				B6A38E72282BF8AF002777CA /* App.swift in Sources */,
				B6B125DA2834DE42005E989F /* Text.swift in Sources */,
				B6A38E6B282BF8AF002777CA /* View+HStack.swift in Sources */,
			);
			runOnlyForDeploymentPostprocessing = 0;
		};
		B6C2842F27CCEAF60000C0E7 /* Sources */ = {
			isa = PBXSourcesBuildPhase;
			buildActionMask = 2147483647;
			files = (
				B6AE6D752829319E001800F8 /* Color+Random.swift in Sources */,
				B67B3D9827DF42B300F50F2E /* Types.swift in Sources */,
				B6883D5B282523B400544462 /* TreeView.swift in Sources */,
				B6B125EE28352F15005E989F /* PropertiesView.swift in Sources */,
				B6FA89A92829755100E842AE /* View+ZStack.swift in Sources */,
				B614339F282A5EFC00760F39 /* View+Collection.swift in Sources */,
				B6B125CF2834DA33005E989F /* Padding.swift in Sources */,
				B6883D5F2825531400544462 /* ScreenView.swift in Sources */,
				B69F2BD12828646800877D04 /* TreeItem+Uicorn.swift in Sources */,
				B6FA89AC282975D100E842AE /* VStack.swift in Sources */,
				B6AE6D672828FCEA001800F8 /* Screen.swift in Sources */,
				B6EECA5628338D4000774B42 /* FontPropertiesView.swift in Sources */,
				B6B125E82835123E005E989F /* StepperView.swift in Sources */,
				B6883D6A2825850700544462 /* String+Unique.swift in Sources */,
				B67692A6282E9DAA0026CA87 /* Color.swift in Sources */,
				B6AE6D6D2828FF2C001800F8 /* View+HStack.swift in Sources */,
				B67692A9282E9E330026CA87 /* Shape.swift in Sources */,
				B660EEC42836422F008234A4 /* TextFieldView.swift in Sources */,
				B60F224F282839F700A730F1 /* Uicorn.swift in Sources */,
				B6A2E5F7282D064B002FCDFF /* CollectionPropertiesView.swift in Sources */,
				B6EECA582833937400774B42 /* TextPropertiesView.swift in Sources */,
				B69F2BD32828663900877D04 /* HStack.swift in Sources */,
				B6AE6D642828FCDB001800F8 /* App.swift in Sources */,
				B61737AC2829664A006DE98E /* View+Image.swift in Sources */,
				B6B125E5283511C5005E989F /* PaddingPropertiesView.swift in Sources */,
				B60F22482827C53900A730F1 /* ViewType.swift in Sources */,
				B67692A3282E9D4C0026CA87 /* View+Shape.swift in Sources */,
				B6883D5928242CC000544462 /* AppView.swift in Sources */,
				B61433A2282A642200760F39 /* Sugar.swift in Sources */,
				B6EECA5428338BD100774B42 /* Font.swift in Sources */,
				B676929B282E622D0026CA87 /* Header.swift in Sources */,
				B61433AE282AA1D200760F39 /* UnsplashCollection.swift in Sources */,
				B676929D282E828C0026CA87 /* ColorPropertiesView.swift in Sources */,
				B6FA89A62829753700E842AE /* View+VStack.swift in Sources */,
				B6883D61282578BD00544462 /* InspectorView.swift in Sources */,
				B6A2E5FB282D33F7002FCDFF /* Action.swift in Sources */,
				B6883D5D2825468100544462 /* ViewVisibility.swift in Sources */,
				B6AE6D702828FF39001800F8 /* View+Text.swift in Sources */,
				B6FA89AF282975E300E842AE /* ZStack.swift in Sources */,
				B6AE6D6A2828FCFE001800F8 /* View.swift in Sources */,
				B660EEC2283641E8008234A4 /* ImagePropertiesView.swift in Sources */,
				B6B125EB28351A07005E989F /* TextEditorView.swift in Sources */,
				B61433A8282A656E00760F39 /* Collection.swift in Sources */,
				B6D2B8F6283257EE00346B95 /* ShapePropertiesView.swift in Sources */,
				B6C2843627CCEAF60000C0E7 /* macOSApp.swift in Sources */,
				B60F225128283A1B00A730F1 /* UicornView.swift in Sources */,
				B61433AB282A84C600760F39 /* BackendController.swift in Sources */,
				B67692A0282E9C9C0026CA87 /* Properties.swift in Sources */,
				B6AE6D7828295130001800F8 /* TreeItemMenu.swift in Sources */,
				B60F224A2827C63E00A730F1 /* TreeItem.swift in Sources */,
				B69F2BD52828673000877D04 /* Text.swift in Sources */,
				B61737A92829651E006DE98E /* Image.swift in Sources */,
				B61433A5282A644800760F39 /* Mock.swift in Sources */,
			);
			runOnlyForDeploymentPostprocessing = 0;
		};
		B6FDF7D427CCDB800008262D /* Sources */ = {
			isa = PBXSourcesBuildPhase;
			buildActionMask = 2147483647;
			files = (
				B6AE6D632828FCDB001800F8 /* App.swift in Sources */,
				B6B125CE2834DA33005E989F /* Padding.swift in Sources */,
				B6FA89AE282975E300E842AE /* ZStack.swift in Sources */,
				B67B3D9727DF42B300F50F2E /* Types.swift in Sources */,
				B67692A5282E9DAA0026CA87 /* Color.swift in Sources */,
				B61433A7282A656E00760F39 /* Collection.swift in Sources */,
				B6AE6D6F2828FF39001800F8 /* View+Text.swift in Sources */,
				B6AE6D6C2828FF2C001800F8 /* View+HStack.swift in Sources */,
				B61433AA282A84C600760F39 /* BackendController.swift in Sources */,
				B614339E282A5EFC00760F39 /* View+Collection.swift in Sources */,
				B6AE6D692828FCFE001800F8 /* View.swift in Sources */,
				B6FA89A52829753700E842AE /* View+VStack.swift in Sources */,
				B6EECA5328338BD100774B42 /* Font.swift in Sources */,
				B61433A1282A642200760F39 /* Sugar.swift in Sources */,
				B6FA89AB282975D100E842AE /* VStack.swift in Sources */,
				B676929F282E9C9C0026CA87 /* Properties.swift in Sources */,
				B6883D6B2825854C00544462 /* String+Unique.swift in Sources */,
				B69F2BDA2828689700877D04 /* HStack.swift in Sources */,
				B69F2BDB2828689A00877D04 /* UicornView.swift in Sources */,
				B6FA89A82829755100E842AE /* View+ZStack.swift in Sources */,
				B67692A2282E9D4C0026CA87 /* View+Shape.swift in Sources */,
				B6A2E5FA282D33F7002FCDFF /* Action.swift in Sources */,
				B69F2BD92828689300877D04 /* Text.swift in Sources */,
				B6AE6D662828FCEA001800F8 /* Screen.swift in Sources */,
				B6AE6D742829319E001800F8 /* Color+Random.swift in Sources */,
				B61737AB2829664A006DE98E /* View+Image.swift in Sources */,
				B67692A8282E9E330026CA87 /* Shape.swift in Sources */,
				B6FDF7DB27CCDB800008262D /* iOSApp.swift in Sources */,
				B61737A82829651E006DE98E /* Image.swift in Sources */,
				B61433A4282A644800760F39 /* Mock.swift in Sources */,
				B69F2BDC282868A000877D04 /* Uicorn.swift in Sources */,
				B61433AD282AA1D200760F39 /* UnsplashCollection.swift in Sources */,
			);
			runOnlyForDeploymentPostprocessing = 0;
		};
/* End PBXSourcesBuildPhase section */

/* Begin XCBuildConfiguration section */
		B62A6CFF27C7C6D300798A2C /* Debug */ = {
			isa = XCBuildConfiguration;
			buildSettings = {
				ALWAYS_SEARCH_USER_PATHS = NO;
				CLANG_ANALYZER_NONNULL = YES;
				CLANG_ANALYZER_NUMBER_OBJECT_CONVERSION = YES_AGGRESSIVE;
				CLANG_CXX_LANGUAGE_STANDARD = "gnu++17";
				CLANG_CXX_LIBRARY = "libc++";
				CLANG_ENABLE_MODULES = YES;
				CLANG_ENABLE_OBJC_ARC = YES;
				CLANG_ENABLE_OBJC_WEAK = YES;
				CLANG_WARN_BLOCK_CAPTURE_AUTORELEASING = YES;
				CLANG_WARN_BOOL_CONVERSION = YES;
				CLANG_WARN_COMMA = YES;
				CLANG_WARN_CONSTANT_CONVERSION = YES;
				CLANG_WARN_DEPRECATED_OBJC_IMPLEMENTATIONS = YES;
				CLANG_WARN_DIRECT_OBJC_ISA_USAGE = YES_ERROR;
				CLANG_WARN_DOCUMENTATION_COMMENTS = YES;
				CLANG_WARN_EMPTY_BODY = YES;
				CLANG_WARN_ENUM_CONVERSION = YES;
				CLANG_WARN_INFINITE_RECURSION = YES;
				CLANG_WARN_INT_CONVERSION = YES;
				CLANG_WARN_NON_LITERAL_NULL_CONVERSION = YES;
				CLANG_WARN_OBJC_IMPLICIT_RETAIN_SELF = YES;
				CLANG_WARN_OBJC_LITERAL_CONVERSION = YES;
				CLANG_WARN_OBJC_ROOT_CLASS = YES_ERROR;
				CLANG_WARN_QUOTED_INCLUDE_IN_FRAMEWORK_HEADER = YES;
				CLANG_WARN_RANGE_LOOP_ANALYSIS = YES;
				CLANG_WARN_STRICT_PROTOTYPES = YES;
				CLANG_WARN_SUSPICIOUS_MOVE = YES;
				CLANG_WARN_UNGUARDED_AVAILABILITY = YES_AGGRESSIVE;
				CLANG_WARN_UNREACHABLE_CODE = YES;
				CLANG_WARN__DUPLICATE_METHOD_MATCH = YES;
				COPY_PHASE_STRIP = NO;
				DEBUG_INFORMATION_FORMAT = dwarf;
				ENABLE_STRICT_OBJC_MSGSEND = YES;
				ENABLE_TESTABILITY = YES;
				GCC_C_LANGUAGE_STANDARD = gnu11;
				GCC_DYNAMIC_NO_PIC = NO;
				GCC_NO_COMMON_BLOCKS = YES;
				GCC_OPTIMIZATION_LEVEL = 0;
				GCC_PREPROCESSOR_DEFINITIONS = (
					"DEBUG=1",
					"$(inherited)",
				);
				GCC_WARN_64_TO_32_BIT_CONVERSION = YES;
				GCC_WARN_ABOUT_RETURN_TYPE = YES_ERROR;
				GCC_WARN_UNDECLARED_SELECTOR = YES;
				GCC_WARN_UNINITIALIZED_AUTOS = YES_AGGRESSIVE;
				GCC_WARN_UNUSED_FUNCTION = YES;
				GCC_WARN_UNUSED_VARIABLE = YES;
				MACOSX_DEPLOYMENT_TARGET = 12.0;
				MTL_ENABLE_DEBUG_INFO = INCLUDE_SOURCE;
				MTL_FAST_MATH = YES;
				ONLY_ACTIVE_ARCH = YES;
				SDKROOT = macosx;
				SWIFT_ACTIVE_COMPILATION_CONDITIONS = DEBUG;
				SWIFT_OPTIMIZATION_LEVEL = "-Onone";
			};
			name = Debug;
		};
		B62A6D0027C7C6D300798A2C /* Release */ = {
			isa = XCBuildConfiguration;
			buildSettings = {
				ALWAYS_SEARCH_USER_PATHS = NO;
				CLANG_ANALYZER_NONNULL = YES;
				CLANG_ANALYZER_NUMBER_OBJECT_CONVERSION = YES_AGGRESSIVE;
				CLANG_CXX_LANGUAGE_STANDARD = "gnu++17";
				CLANG_CXX_LIBRARY = "libc++";
				CLANG_ENABLE_MODULES = YES;
				CLANG_ENABLE_OBJC_ARC = YES;
				CLANG_ENABLE_OBJC_WEAK = YES;
				CLANG_WARN_BLOCK_CAPTURE_AUTORELEASING = YES;
				CLANG_WARN_BOOL_CONVERSION = YES;
				CLANG_WARN_COMMA = YES;
				CLANG_WARN_CONSTANT_CONVERSION = YES;
				CLANG_WARN_DEPRECATED_OBJC_IMPLEMENTATIONS = YES;
				CLANG_WARN_DIRECT_OBJC_ISA_USAGE = YES_ERROR;
				CLANG_WARN_DOCUMENTATION_COMMENTS = YES;
				CLANG_WARN_EMPTY_BODY = YES;
				CLANG_WARN_ENUM_CONVERSION = YES;
				CLANG_WARN_INFINITE_RECURSION = YES;
				CLANG_WARN_INT_CONVERSION = YES;
				CLANG_WARN_NON_LITERAL_NULL_CONVERSION = YES;
				CLANG_WARN_OBJC_IMPLICIT_RETAIN_SELF = YES;
				CLANG_WARN_OBJC_LITERAL_CONVERSION = YES;
				CLANG_WARN_OBJC_ROOT_CLASS = YES_ERROR;
				CLANG_WARN_QUOTED_INCLUDE_IN_FRAMEWORK_HEADER = YES;
				CLANG_WARN_RANGE_LOOP_ANALYSIS = YES;
				CLANG_WARN_STRICT_PROTOTYPES = YES;
				CLANG_WARN_SUSPICIOUS_MOVE = YES;
				CLANG_WARN_UNGUARDED_AVAILABILITY = YES_AGGRESSIVE;
				CLANG_WARN_UNREACHABLE_CODE = YES;
				CLANG_WARN__DUPLICATE_METHOD_MATCH = YES;
				COPY_PHASE_STRIP = NO;
				DEBUG_INFORMATION_FORMAT = "dwarf-with-dsym";
				ENABLE_NS_ASSERTIONS = NO;
				ENABLE_STRICT_OBJC_MSGSEND = YES;
				GCC_C_LANGUAGE_STANDARD = gnu11;
				GCC_NO_COMMON_BLOCKS = YES;
				GCC_WARN_64_TO_32_BIT_CONVERSION = YES;
				GCC_WARN_ABOUT_RETURN_TYPE = YES_ERROR;
				GCC_WARN_UNDECLARED_SELECTOR = YES;
				GCC_WARN_UNINITIALIZED_AUTOS = YES_AGGRESSIVE;
				GCC_WARN_UNUSED_FUNCTION = YES;
				GCC_WARN_UNUSED_VARIABLE = YES;
				MACOSX_DEPLOYMENT_TARGET = 12.0;
				MTL_ENABLE_DEBUG_INFO = NO;
				MTL_FAST_MATH = YES;
				SDKROOT = macosx;
				SWIFT_COMPILATION_MODE = wholemodule;
				SWIFT_OPTIMIZATION_LEVEL = "-O";
			};
			name = Release;
		};
		B64C9F47283695F700A4B7CF /* Debug */ = {
			isa = XCBuildConfiguration;
			buildSettings = {
				ASSETCATALOG_COMPILER_APPICON_NAME = AppIcon;
				ASSETCATALOG_COMPILER_GLOBAL_ACCENT_COLOR_NAME = AccentColor;
				CODE_SIGN_STYLE = Automatic;
				CURRENT_PROJECT_VERSION = 1;
				DEVELOPMENT_ASSET_PATHS = "\"Nonokia/Preview Content\"";
				DEVELOPMENT_TEAM = TY7XLLRKJW;
				ENABLE_PREVIEWS = YES;
				GENERATE_INFOPLIST_FILE = YES;
				INFOPLIST_KEY_UIApplicationSceneManifest_Generation = YES;
				INFOPLIST_KEY_UIApplicationSupportsIndirectInputEvents = YES;
				INFOPLIST_KEY_UILaunchScreen_Generation = YES;
				INFOPLIST_KEY_UIStatusBarHidden = NO;
				INFOPLIST_KEY_UISupportedInterfaceOrientations_iPad = "UIInterfaceOrientationPortrait UIInterfaceOrientationPortraitUpsideDown UIInterfaceOrientationLandscapeLeft UIInterfaceOrientationLandscapeRight";
				INFOPLIST_KEY_UISupportedInterfaceOrientations_iPhone = "UIInterfaceOrientationPortrait UIInterfaceOrientationLandscapeLeft UIInterfaceOrientationLandscapeRight";
				IPHONEOS_DEPLOYMENT_TARGET = 15.4;
				LD_RUNPATH_SEARCH_PATHS = (
					"$(inherited)",
					"@executable_path/Frameworks",
				);
				MARKETING_VERSION = 1.0;
				PRODUCT_BUNDLE_IDENTIFIER = com.vdbyte.Nonokia;
				PRODUCT_NAME = "$(TARGET_NAME)";
				SDKROOT = iphoneos;
				SWIFT_EMIT_LOC_STRINGS = YES;
				SWIFT_VERSION = 5.0;
				TARGETED_DEVICE_FAMILY = "1,2";
			};
			name = Debug;
		};
		B64C9F48283695F700A4B7CF /* Release */ = {
			isa = XCBuildConfiguration;
			buildSettings = {
				ASSETCATALOG_COMPILER_APPICON_NAME = AppIcon;
				ASSETCATALOG_COMPILER_GLOBAL_ACCENT_COLOR_NAME = AccentColor;
				CODE_SIGN_STYLE = Automatic;
				CURRENT_PROJECT_VERSION = 1;
				DEVELOPMENT_ASSET_PATHS = "\"Nonokia/Preview Content\"";
				DEVELOPMENT_TEAM = TY7XLLRKJW;
				ENABLE_PREVIEWS = YES;
				GENERATE_INFOPLIST_FILE = YES;
				INFOPLIST_KEY_UIApplicationSceneManifest_Generation = YES;
				INFOPLIST_KEY_UIApplicationSupportsIndirectInputEvents = YES;
				INFOPLIST_KEY_UILaunchScreen_Generation = YES;
				INFOPLIST_KEY_UIStatusBarHidden = NO;
				INFOPLIST_KEY_UISupportedInterfaceOrientations_iPad = "UIInterfaceOrientationPortrait UIInterfaceOrientationPortraitUpsideDown UIInterfaceOrientationLandscapeLeft UIInterfaceOrientationLandscapeRight";
				INFOPLIST_KEY_UISupportedInterfaceOrientations_iPhone = "UIInterfaceOrientationPortrait UIInterfaceOrientationLandscapeLeft UIInterfaceOrientationLandscapeRight";
				IPHONEOS_DEPLOYMENT_TARGET = 15.4;
				LD_RUNPATH_SEARCH_PATHS = (
					"$(inherited)",
					"@executable_path/Frameworks",
				);
				MARKETING_VERSION = 1.0;
				PRODUCT_BUNDLE_IDENTIFIER = com.vdbyte.Nonokia;
				PRODUCT_NAME = "$(TARGET_NAME)";
				SDKROOT = iphoneos;
				SWIFT_EMIT_LOC_STRINGS = YES;
				SWIFT_VERSION = 5.0;
				TARGETED_DEVICE_FAMILY = "1,2";
				VALIDATE_PRODUCT = YES;
			};
			name = Release;
		};
		B6A38E5B282BF852002777CA /* Debug */ = {
			isa = XCBuildConfiguration;
			buildSettings = {
				ASSETCATALOG_COMPILER_APPICON_NAME = AppIcon;
				ASSETCATALOG_COMPILER_GLOBAL_ACCENT_COLOR_NAME = AccentColor;
				CLANG_ENABLE_MODULES = YES;
				CODE_SIGN_ENTITLEMENTS = Renderer/Renderer.entitlements;
				"CODE_SIGN_IDENTITY[sdk=macosx*]" = "Apple Development";
				CODE_SIGN_STYLE = Automatic;
				CURRENT_PROJECT_VERSION = 1;
				DEVELOPMENT_ASSET_PATHS = "\"Renderer/Preview Content\"";
				DEVELOPMENT_TEAM = TY7XLLRKJW;
				"ENABLE_HARDENED_RUNTIME[sdk=macosx*]" = YES;
				ENABLE_PREVIEWS = YES;
				GENERATE_INFOPLIST_FILE = YES;
				INFOPLIST_FILE = Renderer/Info.plist;
				INFOPLIST_KEY_UIApplicationSupportsIndirectInputEvents = YES;
				INFOPLIST_KEY_UILaunchScreen_Generation = YES;
				INFOPLIST_KEY_UISupportedInterfaceOrientations_iPad = "UIInterfaceOrientationPortrait UIInterfaceOrientationPortraitUpsideDown UIInterfaceOrientationLandscapeLeft UIInterfaceOrientationLandscapeRight";
				INFOPLIST_KEY_UISupportedInterfaceOrientations_iPhone = "UIInterfaceOrientationPortrait UIInterfaceOrientationLandscapeLeft UIInterfaceOrientationLandscapeRight";
				IPHONEOS_DEPLOYMENT_TARGET = 15.4;
				LD_RUNPATH_SEARCH_PATHS = (
					"$(inherited)",
					"@executable_path/Frameworks",
				);
				MARKETING_VERSION = 1.0;
				PRODUCT_BUNDLE_IDENTIFIER = com.vdbacon.Renderer;
				PRODUCT_NAME = "$(TARGET_NAME)";
				SDKROOT = iphoneos;
				SUPPORTS_MACCATALYST = YES;
				SUPPORTS_MAC_DESIGNED_FOR_IPHONE_IPAD = NO;
				SWIFT_EMIT_LOC_STRINGS = YES;
				SWIFT_OBJC_BRIDGING_HEADER = "Renderer/Renderer-Bridging-Header.h";
				SWIFT_OPTIMIZATION_LEVEL = "-Onone";
				SWIFT_VERSION = 5.0;
				TARGETED_DEVICE_FAMILY = "1,2";
			};
			name = Debug;
		};
		B6A38E5C282BF852002777CA /* Release */ = {
			isa = XCBuildConfiguration;
			buildSettings = {
				ASSETCATALOG_COMPILER_APPICON_NAME = AppIcon;
				ASSETCATALOG_COMPILER_GLOBAL_ACCENT_COLOR_NAME = AccentColor;
				CLANG_ENABLE_MODULES = YES;
				CODE_SIGN_ENTITLEMENTS = Renderer/Renderer.entitlements;
				"CODE_SIGN_IDENTITY[sdk=macosx*]" = "Apple Development";
				CODE_SIGN_STYLE = Automatic;
				CURRENT_PROJECT_VERSION = 1;
				DEVELOPMENT_ASSET_PATHS = "\"Renderer/Preview Content\"";
				DEVELOPMENT_TEAM = TY7XLLRKJW;
				"ENABLE_HARDENED_RUNTIME[sdk=macosx*]" = YES;
				ENABLE_PREVIEWS = YES;
				GENERATE_INFOPLIST_FILE = YES;
				INFOPLIST_FILE = Renderer/Info.plist;
				INFOPLIST_KEY_UIApplicationSupportsIndirectInputEvents = YES;
				INFOPLIST_KEY_UILaunchScreen_Generation = YES;
				INFOPLIST_KEY_UISupportedInterfaceOrientations_iPad = "UIInterfaceOrientationPortrait UIInterfaceOrientationPortraitUpsideDown UIInterfaceOrientationLandscapeLeft UIInterfaceOrientationLandscapeRight";
				INFOPLIST_KEY_UISupportedInterfaceOrientations_iPhone = "UIInterfaceOrientationPortrait UIInterfaceOrientationLandscapeLeft UIInterfaceOrientationLandscapeRight";
				IPHONEOS_DEPLOYMENT_TARGET = 15.4;
				LD_RUNPATH_SEARCH_PATHS = (
					"$(inherited)",
					"@executable_path/Frameworks",
				);
				MARKETING_VERSION = 1.0;
				PRODUCT_BUNDLE_IDENTIFIER = com.vdbacon.Renderer;
				PRODUCT_NAME = "$(TARGET_NAME)";
				SDKROOT = iphoneos;
				SUPPORTS_MACCATALYST = YES;
				SUPPORTS_MAC_DESIGNED_FOR_IPHONE_IPAD = NO;
				SWIFT_EMIT_LOC_STRINGS = YES;
				SWIFT_OBJC_BRIDGING_HEADER = "Renderer/Renderer-Bridging-Header.h";
				SWIFT_VERSION = 5.0;
				TARGETED_DEVICE_FAMILY = "1,2";
				VALIDATE_PRODUCT = YES;
			};
			name = Release;
		};
		B6C2843F27CCEAF70000C0E7 /* Debug */ = {
			isa = XCBuildConfiguration;
			buildSettings = {
				ASSETCATALOG_COMPILER_APPICON_NAME = AppIcon;
				ASSETCATALOG_COMPILER_GLOBAL_ACCENT_COLOR_NAME = AccentColor;
				CODE_SIGN_ENTITLEMENTS = macOS/macOS.entitlements;
				CODE_SIGN_IDENTITY = "Apple Development";
				CODE_SIGN_STYLE = Automatic;
				COMBINE_HIDPI_IMAGES = YES;
				CURRENT_PROJECT_VERSION = 1;
				DEVELOPMENT_ASSET_PATHS = "\"macOS/Preview Content\"";
				DEVELOPMENT_TEAM = TY7XLLRKJW;
				ENABLE_HARDENED_RUNTIME = YES;
				ENABLE_PREVIEWS = YES;
				GENERATE_INFOPLIST_FILE = YES;
				INFOPLIST_KEY_NSHumanReadableCopyright = "";
				LD_RUNPATH_SEARCH_PATHS = (
					"$(inherited)",
					"@executable_path/../Frameworks",
				);
				MARKETING_VERSION = 1.0;
				PRODUCT_BUNDLE_IDENTIFIER = com.vdbyte.canvas;
				PRODUCT_NAME = Canvas;
				SWIFT_EMIT_LOC_STRINGS = YES;
				SWIFT_VERSION = 5.0;
			};
			name = Debug;
		};
		B6C2844027CCEAF70000C0E7 /* Release */ = {
			isa = XCBuildConfiguration;
			buildSettings = {
				ASSETCATALOG_COMPILER_APPICON_NAME = AppIcon;
				ASSETCATALOG_COMPILER_GLOBAL_ACCENT_COLOR_NAME = AccentColor;
				CODE_SIGN_ENTITLEMENTS = macOS/macOS.entitlements;
				CODE_SIGN_IDENTITY = "Apple Development";
				CODE_SIGN_STYLE = Automatic;
				COMBINE_HIDPI_IMAGES = YES;
				CURRENT_PROJECT_VERSION = 1;
				DEVELOPMENT_ASSET_PATHS = "\"macOS/Preview Content\"";
				DEVELOPMENT_TEAM = TY7XLLRKJW;
				ENABLE_HARDENED_RUNTIME = YES;
				ENABLE_PREVIEWS = YES;
				GENERATE_INFOPLIST_FILE = YES;
				INFOPLIST_KEY_NSHumanReadableCopyright = "";
				LD_RUNPATH_SEARCH_PATHS = (
					"$(inherited)",
					"@executable_path/../Frameworks",
				);
				MARKETING_VERSION = 1.0;
				PRODUCT_BUNDLE_IDENTIFIER = com.vdbyte.canvas;
				PRODUCT_NAME = Canvas;
				SWIFT_EMIT_LOC_STRINGS = YES;
				SWIFT_VERSION = 5.0;
			};
			name = Release;
		};
		B6FDF7E427CCDB810008262D /* Debug */ = {
			isa = XCBuildConfiguration;
			buildSettings = {
				ASSETCATALOG_COMPILER_APPICON_NAME = AppIcon;
				ASSETCATALOG_COMPILER_GLOBAL_ACCENT_COLOR_NAME = AccentColor;
				CODE_SIGN_STYLE = Automatic;
				CURRENT_PROJECT_VERSION = 1;
				DEVELOPMENT_ASSET_PATHS = "\"iOS/Preview Content\"";
				DEVELOPMENT_TEAM = TY7XLLRKJW;
				ENABLE_PREVIEWS = YES;
				GENERATE_INFOPLIST_FILE = YES;
				INFOPLIST_FILE = iOS/Info.plist;
				INFOPLIST_KEY_UIApplicationSceneManifest_Generation = YES;
				INFOPLIST_KEY_UIApplicationSupportsIndirectInputEvents = YES;
				INFOPLIST_KEY_UILaunchScreen_Generation = YES;
				INFOPLIST_KEY_UIStatusBarHidden = NO;
				INFOPLIST_KEY_UISupportedInterfaceOrientations_iPad = "UIInterfaceOrientationPortrait UIInterfaceOrientationPortraitUpsideDown UIInterfaceOrientationLandscapeLeft UIInterfaceOrientationLandscapeRight";
				INFOPLIST_KEY_UISupportedInterfaceOrientations_iPhone = "UIInterfaceOrientationPortrait UIInterfaceOrientationLandscapeLeft UIInterfaceOrientationLandscapeRight";
				IPHONEOS_DEPLOYMENT_TARGET = 15.0;
				LD_RUNPATH_SEARCH_PATHS = (
					"$(inherited)",
					"@executable_path/Frameworks",
				);
				MARKETING_VERSION = 1.0;
				PRODUCT_BUNDLE_IDENTIFIER = com.vdbyte.canvas;
				PRODUCT_NAME = Canvas;
				SDKROOT = iphoneos;
				SWIFT_EMIT_LOC_STRINGS = YES;
				SWIFT_VERSION = 5.0;
				TARGETED_DEVICE_FAMILY = "1,2";
			};
			name = Debug;
		};
		B6FDF7E527CCDB810008262D /* Release */ = {
			isa = XCBuildConfiguration;
			buildSettings = {
				ASSETCATALOG_COMPILER_APPICON_NAME = AppIcon;
				ASSETCATALOG_COMPILER_GLOBAL_ACCENT_COLOR_NAME = AccentColor;
				CODE_SIGN_STYLE = Automatic;
				CURRENT_PROJECT_VERSION = 1;
				DEVELOPMENT_ASSET_PATHS = "\"iOS/Preview Content\"";
				DEVELOPMENT_TEAM = TY7XLLRKJW;
				ENABLE_PREVIEWS = YES;
				GENERATE_INFOPLIST_FILE = YES;
				INFOPLIST_FILE = iOS/Info.plist;
				INFOPLIST_KEY_UIApplicationSceneManifest_Generation = YES;
				INFOPLIST_KEY_UIApplicationSupportsIndirectInputEvents = YES;
				INFOPLIST_KEY_UILaunchScreen_Generation = YES;
				INFOPLIST_KEY_UIStatusBarHidden = NO;
				INFOPLIST_KEY_UISupportedInterfaceOrientations_iPad = "UIInterfaceOrientationPortrait UIInterfaceOrientationPortraitUpsideDown UIInterfaceOrientationLandscapeLeft UIInterfaceOrientationLandscapeRight";
				INFOPLIST_KEY_UISupportedInterfaceOrientations_iPhone = "UIInterfaceOrientationPortrait UIInterfaceOrientationLandscapeLeft UIInterfaceOrientationLandscapeRight";
				IPHONEOS_DEPLOYMENT_TARGET = 15.0;
				LD_RUNPATH_SEARCH_PATHS = (
					"$(inherited)",
					"@executable_path/Frameworks",
				);
				MARKETING_VERSION = 1.0;
				PRODUCT_BUNDLE_IDENTIFIER = com.vdbyte.canvas;
				PRODUCT_NAME = Canvas;
				SDKROOT = iphoneos;
				SWIFT_EMIT_LOC_STRINGS = YES;
				SWIFT_VERSION = 5.0;
				TARGETED_DEVICE_FAMILY = "1,2";
				VALIDATE_PRODUCT = YES;
			};
			name = Release;
		};
/* End XCBuildConfiguration section */

/* Begin XCConfigurationList section */
		B62A6CED27C7C6D200798A2C /* Build configuration list for PBXProject "Code" */ = {
			isa = XCConfigurationList;
			buildConfigurations = (
				B62A6CFF27C7C6D300798A2C /* Debug */,
				B62A6D0027C7C6D300798A2C /* Release */,
			);
			defaultConfigurationIsVisible = 0;
			defaultConfigurationName = Release;
		};
		B64C9F49283695F700A4B7CF /* Build configuration list for PBXNativeTarget "Nonokia" */ = {
			isa = XCConfigurationList;
			buildConfigurations = (
				B64C9F47283695F700A4B7CF /* Debug */,
				B64C9F48283695F700A4B7CF /* Release */,
			);
			defaultConfigurationIsVisible = 0;
			defaultConfigurationName = Release;
		};
		B6A38E5A282BF852002777CA /* Build configuration list for PBXNativeTarget "Renderer" */ = {
			isa = XCConfigurationList;
			buildConfigurations = (
				B6A38E5B282BF852002777CA /* Debug */,
				B6A38E5C282BF852002777CA /* Release */,
			);
			defaultConfigurationIsVisible = 0;
			defaultConfigurationName = Release;
		};
		B6C2844127CCEAF70000C0E7 /* Build configuration list for PBXNativeTarget "macOS" */ = {
			isa = XCConfigurationList;
			buildConfigurations = (
				B6C2843F27CCEAF70000C0E7 /* Debug */,
				B6C2844027CCEAF70000C0E7 /* Release */,
			);
			defaultConfigurationIsVisible = 0;
			defaultConfigurationName = Release;
		};
		B6FDF7E327CCDB810008262D /* Build configuration list for PBXNativeTarget "iOS" */ = {
			isa = XCConfigurationList;
			buildConfigurations = (
				B6FDF7E427CCDB810008262D /* Debug */,
				B6FDF7E527CCDB810008262D /* Release */,
			);
			defaultConfigurationIsVisible = 0;
			defaultConfigurationName = Release;
		};
/* End XCConfigurationList section */
	};
	rootObject = B62A6CEA27C7C6D200798A2C /* Project object */;
}
